// !$*UTF8*$!
{
	archiveVersion = 1;
	classes = {
	};
	objectVersion = 56;
	objects = {

/* Begin PBXBuildFile section */
		790804242B99F0DA00930011 /* SharedMediaDataSource.swift in Sources */ = {isa = PBXBuildFile; fileRef = 790804232B99F0DA00930011 /* SharedMediaDataSource.swift */; };
		792D8E652DDFE55E00BB1C01 /* MCP in Frameworks */ = {isa = PBXBuildFile; productRef = 792D8E642DDFE55E00BB1C01 /* MCP */; };
		7937953D2B46CAF1000C94A5 /* UpdateManager.swift in Sources */ = {isa = PBXBuildFile; fileRef = 7937953C2B46CAF1000C94A5 /* UpdateManager.swift */; };
		793FE0B82DE56292004236B9 /* ModelInferenceConfig.swift in Sources */ = {isa = PBXBuildFile; fileRef = 793FE0B72DE56292004236B9 /* ModelInferenceConfig.swift */; };
		7953C5AB2C345B8700663438 /* SSOManager.swift in Sources */ = {isa = PBXBuildFile; fileRef = 7953C5AA2C345B8700663438 /* SSOManager.swift */; };
		7954F8432AD247CC008B03D3 /* AWSRegion.swift in Sources */ = {isa = PBXBuildFile; fileRef = 7954F8422AD247CC008B03D3 /* AWSRegion.swift */; };
		7954F8452AD247DF008B03D3 /* SettingsView.swift in Sources */ = {isa = PBXBuildFile; fileRef = 7954F8442AD247DF008B03D3 /* SettingsView.swift */; };
		7954F8472AD249A7008B03D3 /* SettingManager.swift in Sources */ = {isa = PBXBuildFile; fileRef = 7954F8462AD249A7008B03D3 /* SettingManager.swift */; };
		795D9C8F2BC57D3900DF38C0 /* MainView.swift in Sources */ = {isa = PBXBuildFile; fileRef = 795D9C8E2BC57D3900DF38C0 /* MainView.swift */; };
		79610DD72AD22A2F00993D09 /* SidebarSelection.swift in Sources */ = {isa = PBXBuildFile; fileRef = 79610DBD2AD22A2F00993D09 /* SidebarSelection.swift */; };
		79610DD82AD22A2F00993D09 /* Amazon_Bedrock_Client_for_MacApp.swift in Sources */ = {isa = PBXBuildFile; fileRef = 79610DBE2AD22A2F00993D09 /* Amazon_Bedrock_Client_for_MacApp.swift */; };
		79610DDA2AD22A2F00993D09 /* BedrockClient.swift in Sources */ = {isa = PBXBuildFile; fileRef = 79610DC12AD22A2F00993D09 /* BedrockClient.swift */; };
		79610DDB2AD22A2F00993D09 /* Assets.xcassets in Resources */ = {isa = PBXBuildFile; fileRef = 79610DC22AD22A2F00993D09 /* Assets.xcassets */; };
		79610DE02AD22A2F00993D09 /* FirstResponderTextField.swift in Sources */ = {isa = PBXBuildFile; fileRef = 79610DC82AD22A2F00993D09 /* FirstResponderTextField.swift */; };
		79610DE12AD22A2F00993D09 /* ChatModel.swift in Sources */ = {isa = PBXBuildFile; fileRef = 79610DCA2AD22A2F00993D09 /* ChatModel.swift */; };
		79610DE22AD22A2F00993D09 /* MessageData.swift in Sources */ = {isa = PBXBuildFile; fileRef = 79610DCB2AD22A2F00993D09 /* MessageData.swift */; };
		79610DE42AD22A2F00993D09 /* Preview Assets.xcassets in Resources */ = {isa = PBXBuildFile; fileRef = 79610DCE2AD22A2F00993D09 /* Preview Assets.xcassets */; };
		79610DE52AD22A2F00993D09 /* MessageBarView.swift in Sources */ = {isa = PBXBuildFile; fileRef = 79610DD02AD22A2F00993D09 /* MessageBarView.swift */; };
		79610DE82AD22A2F00993D09 /* SidebarView.swift in Sources */ = {isa = PBXBuildFile; fileRef = 79610DD32AD22A2F00993D09 /* SidebarView.swift */; };
		79610DEB2AD22A2F00993D09 /* MessageView.swift in Sources */ = {isa = PBXBuildFile; fileRef = 79610DD62AD22A2F00993D09 /* MessageView.swift */; };
		79610DED2AD230A200993D09 /* ChatView.swift in Sources */ = {isa = PBXBuildFile; fileRef = 79610DEC2AD230A200993D09 /* ChatView.swift */; };
		797A12B82C2DB33100494DD9 /* SettingsWindowManager.swift in Sources */ = {isa = PBXBuildFile; fileRef = 797A12B72C2DB33100494DD9 /* SettingsWindowManager.swift */; };
		797A12BC2C2EB4C300494DD9 /* CoreDataStack.swift in Sources */ = {isa = PBXBuildFile; fileRef = 797A12BB2C2EB4C300494DD9 /* CoreDataStack.swift */; };
		797A12BF2C2EB53800494DD9 /* ChatModel.xcdatamodeld in Sources */ = {isa = PBXBuildFile; fileRef = 797A12BD2C2EB53800494DD9 /* ChatModel.xcdatamodeld */; };
		797A12C12C2EB9E200494DD9 /* ChatViewModel.swift in Sources */ = {isa = PBXBuildFile; fileRef = 797A12C02C2EB9E200494DD9 /* ChatViewModel.swift */; };
		798A9CE62AD3AB2E00E9D039 /* Vapor in Frameworks */ = {isa = PBXBuildFile; productRef = 798A9CE52AD3AB2E00E9D039 /* Vapor */; };
		798A9CE82AD3AB4300E9D039 /* LocalHostServer.swift in Sources */ = {isa = PBXBuildFile; fileRef = 798A9CE72AD3AB4300E9D039 /* LocalHostServer.swift */; };
		79A305692EB05A2200DAE32F /* MarkdownKit in Frameworks */ = {isa = PBXBuildFile; productRef = 79A305682EB05A2200DAE32F /* MarkdownKit */; };
		79AC78982C31691800BD6FB1 /* AWSSSO in Frameworks */ = {isa = PBXBuildFile; productRef = 79AC78972C31691800BD6FB1 /* AWSSSO */; };
		79AC789A2C31691800BD6FB1 /* AWSSSOOIDC in Frameworks */ = {isa = PBXBuildFile; productRef = 79AC78992C31691800BD6FB1 /* AWSSSOOIDC */; };
		79AF97552D9E332A00313A4C /* NSImage.swift in Sources */ = {isa = PBXBuildFile; fileRef = 79AF97542D9E332500313A4C /* NSImage.swift */; };
		79AF97572D9E33C400313A4C /* ImagePreview.swift in Sources */ = {isa = PBXBuildFile; fileRef = 79AF97562D9E33BE00313A4C /* ImagePreview.swift */; };
		79B37BFB2DA06BB5006A7A62 /* DocumentPreview.swift in Sources */ = {isa = PBXBuildFile; fileRef = 79B37BFA2DA06BB1006A7A62 /* DocumentPreview.swift */; };
		79BF645F2ACFF8FD00383300 /* README.md in Resources */ = {isa = PBXBuildFile; fileRef = 79BF645E2ACFF8FD00383300 /* README.md */; };
		79BFF5102AD342710057BF3A /* ChatManager.swift in Sources */ = {isa = PBXBuildFile; fileRef = 79BFF50F2AD342710057BF3A /* ChatManager.swift */; };
		79C4F01E2C30362100C488C2 /* AppDelegate.swift in Sources */ = {isa = PBXBuildFile; fileRef = 79C4F01D2C30362100C488C2 /* AppDelegate.swift */; };
		79C4F0202C3048A300C488C2 /* AppCoordinator.swift in Sources */ = {isa = PBXBuildFile; fileRef = 79C4F01F2C3048A300C488C2 /* AppCoordinator.swift */; };
		79C7F5ED2AD282EE008FBB35 /* EnvironmentExtensions.swift in Sources */ = {isa = PBXBuildFile; fileRef = 79C7F5EC2AD282EE008FBB35 /* EnvironmentExtensions.swift */; };
		79D3C7832D9C799700CB020F /* AppStateManager.swift in Sources */ = {isa = PBXBuildFile; fileRef = 79D3C7822D9C799000CB020F /* AppStateManager.swift */; };
		79D6E6A32C99BFF300314D86 /* GithubTheme.swift in Sources */ = {isa = PBXBuildFile; fileRef = 79D6E6A22C99BFF300314D86 /* GithubTheme.swift */; };
		79E0AC5B2D63EDDC0041829A /* TranscribeStreamingManager.swift in Sources */ = {isa = PBXBuildFile; fileRef = 79E0AC5A2D63EDDB0041829A /* TranscribeStreamingManager.swift */; };
		79E0AC5D2D63EE4F0041829A /* AWSTranscribeStreaming in Frameworks */ = {isa = PBXBuildFile; productRef = 79E0AC5C2D63EE4F0041829A /* AWSTranscribeStreaming */; };
		79E59FFE2ACDA88700DC6657 /* AWSBedrock in Frameworks */ = {isa = PBXBuildFile; productRef = 79E59FFD2ACDA88700DC6657 /* AWSBedrock */; };
		79E5A0002ACDA88700DC6657 /* AWSBedrockRuntime in Frameworks */ = {isa = PBXBuildFile; productRef = 79E59FFF2ACDA88700DC6657 /* AWSBedrockRuntime */; };
		79F2C4022EB0705A003F46E6 /* Bedrock.icon in Resources */ = {isa = PBXBuildFile; fileRef = 79F2C4012EB0705A003F46E6 /* Bedrock.icon */; };
		79F53C852E7B08AF00F129F4 /* HotkeyManager.swift in Sources */ = {isa = PBXBuildFile; fileRef = 79F53C842E7B08AA00F129F4 /* HotkeyManager.swift */; };
		79F53C872E7B08BE00F129F4 /* QuickAccessWindowManager.swift in Sources */ = {isa = PBXBuildFile; fileRef = 79F53C862E7B08BB00F129F4 /* QuickAccessWindowManager.swift */; };
		79F53C892E7B0B3800F129F4 /* QuickAccessView.swift in Sources */ = {isa = PBXBuildFile; fileRef = 79F53C882E7B0B3800F129F4 /* QuickAccessView.swift */; };
		79F53C8B2E7B0DBA00F129F4 /* HotkeyRecorderView.swift in Sources */ = {isa = PBXBuildFile; fileRef = 79F53C8A2E7B0DBA00F129F4 /* HotkeyRecorderView.swift */; };
		79FD1C262C3777180009E50F /* Markdown.swift in Sources */ = {isa = PBXBuildFile; fileRef = 79FD1C252C3777180009E50F /* Markdown.swift */; };
		79FDE2592DFBF410003960BC /* ModelSelectorDropdown.swift in Sources */ = {isa = PBXBuildFile; fileRef = 79FDE2582DFBF410003960BC /* ModelSelectorDropdown.swift */; };
		79FDE25B2DFBF456003960BC /* InferenceConfigDropdown.swift in Sources */ = {isa = PBXBuildFile; fileRef = 79FDE25A2DFBF456003960BC /* InferenceConfigDropdown.swift */; };
		79FF2B332D925EDB0075249D /* MCPManager.swift in Sources */ = {isa = PBXBuildFile; fileRef = 79FF2B322D925ED10075249D /* MCPManager.swift */; };
		79FF2B352D925F2E0075249D /* MCPModels.swift in Sources */ = {isa = PBXBuildFile; fileRef = 79FF2B342D925F280075249D /* MCPModels.swift */; };
		79FF2B372D925F320075249D /* MCPOAuthManager.swift in Sources */ = {isa = PBXBuildFile; fileRef = 79FF2B362D925F300075249D /* MCPOAuthManager.swift */; };
		EDAE4CC62B3D943E99083227 /* SearchEngine.swift in Sources */ = {isa = PBXBuildFile; fileRef = EDAE4CC52B3D943E99083226 /* SearchEngine.swift */; };
/* End PBXBuildFile section */

/* Begin PBXContainerItemProxy section */
		7907BEA62ACD87A200C4D500 /* PBXContainerItemProxy */ = {
			isa = PBXContainerItemProxy;
			containerPortal = 7907BE8C2ACD87A000C4D500 /* Project object */;
			proxyType = 1;
			remoteGlobalIDString = 7907BE932ACD87A000C4D500;
			remoteInfo = "Amazon Bedrock Client for Mac";
		};
		7907BEB02ACD87A200C4D500 /* PBXContainerItemProxy */ = {
			isa = PBXContainerItemProxy;
			containerPortal = 7907BE8C2ACD87A000C4D500 /* Project object */;
			proxyType = 1;
			remoteGlobalIDString = 7907BE932ACD87A000C4D500;
			remoteInfo = "Amazon Bedrock Client for Mac";
		};
/* End PBXContainerItemProxy section */

/* Begin PBXFileReference section */
		7907BE942ACD87A100C4D500 /* Amazon Bedrock Debug.app */ = {isa = PBXFileReference; explicitFileType = wrapper.application; includeInIndex = 0; path = "Amazon Bedrock Debug.app"; sourceTree = BUILT_PRODUCTS_DIR; };
		7907BEA52ACD87A200C4D500 /* Amazon Bedrock Client for MacTests.xctest */ = {isa = PBXFileReference; explicitFileType = wrapper.cfbundle; includeInIndex = 0; path = "Amazon Bedrock Client for MacTests.xctest"; sourceTree = BUILT_PRODUCTS_DIR; };
		7907BEAF2ACD87A200C4D500 /* Amazon Bedrock Client for MacUITests.xctest */ = {isa = PBXFileReference; explicitFileType = wrapper.cfbundle; includeInIndex = 0; path = "Amazon Bedrock Client for MacUITests.xctest"; sourceTree = BUILT_PRODUCTS_DIR; };
		790804232B99F0DA00930011 /* SharedMediaDataSource.swift */ = {isa = PBXFileReference; lastKnownFileType = sourcecode.swift; path = SharedMediaDataSource.swift; sourceTree = "<group>"; };
		791461202AD0E51B00C454DC /* LICENSE */ = {isa = PBXFileReference; lastKnownFileType = text; path = LICENSE; sourceTree = "<group>"; };
		7937953C2B46CAF1000C94A5 /* UpdateManager.swift */ = {isa = PBXFileReference; lastKnownFileType = sourcecode.swift; path = UpdateManager.swift; sourceTree = "<group>"; };
		793FE0B72DE56292004236B9 /* ModelInferenceConfig.swift */ = {isa = PBXFileReference; lastKnownFileType = sourcecode.swift; path = ModelInferenceConfig.swift; sourceTree = "<group>"; };
		7953C5AA2C345B8700663438 /* SSOManager.swift */ = {isa = PBXFileReference; lastKnownFileType = sourcecode.swift; path = SSOManager.swift; sourceTree = "<group>"; };
		7954F8422AD247CC008B03D3 /* AWSRegion.swift */ = {isa = PBXFileReference; lastKnownFileType = sourcecode.swift; path = AWSRegion.swift; sourceTree = "<group>"; };
		7954F8442AD247DF008B03D3 /* SettingsView.swift */ = {isa = PBXFileReference; lastKnownFileType = sourcecode.swift; path = SettingsView.swift; sourceTree = "<group>"; };
		7954F8462AD249A7008B03D3 /* SettingManager.swift */ = {isa = PBXFileReference; lastKnownFileType = sourcecode.swift; path = SettingManager.swift; sourceTree = "<group>"; };
		795D9C8E2BC57D3900DF38C0 /* MainView.swift */ = {isa = PBXFileReference; lastKnownFileType = sourcecode.swift; path = MainView.swift; sourceTree = "<group>"; };
		79610DBC2AD22A2F00993D09 /* Amazon_Bedrock_Client_for_Mac.entitlements */ = {isa = PBXFileReference; fileEncoding = 4; lastKnownFileType = text.plist.entitlements; path = Amazon_Bedrock_Client_for_Mac.entitlements; sourceTree = "<group>"; };
		79610DBD2AD22A2F00993D09 /* SidebarSelection.swift */ = {isa = PBXFileReference; fileEncoding = 4; lastKnownFileType = sourcecode.swift; path = SidebarSelection.swift; sourceTree = "<group>"; };
		79610DBE2AD22A2F00993D09 /* Amazon_Bedrock_Client_for_MacApp.swift */ = {isa = PBXFileReference; fileEncoding = 4; lastKnownFileType = sourcecode.swift; path = Amazon_Bedrock_Client_for_MacApp.swift; sourceTree = "<group>"; };
		79610DC12AD22A2F00993D09 /* BedrockClient.swift */ = {isa = PBXFileReference; fileEncoding = 4; lastKnownFileType = sourcecode.swift; path = BedrockClient.swift; sourceTree = "<group>"; };
		79610DC22AD22A2F00993D09 /* Assets.xcassets */ = {isa = PBXFileReference; lastKnownFileType = folder.assetcatalog; path = Assets.xcassets; sourceTree = "<group>"; };
		79610DC82AD22A2F00993D09 /* FirstResponderTextField.swift */ = {isa = PBXFileReference; fileEncoding = 4; lastKnownFileType = sourcecode.swift; path = FirstResponderTextField.swift; sourceTree = "<group>"; };
		79610DCA2AD22A2F00993D09 /* ChatModel.swift */ = {isa = PBXFileReference; fileEncoding = 4; lastKnownFileType = sourcecode.swift; path = ChatModel.swift; sourceTree = "<group>"; };
		79610DCB2AD22A2F00993D09 /* MessageData.swift */ = {isa = PBXFileReference; fileEncoding = 4; lastKnownFileType = sourcecode.swift; path = MessageData.swift; sourceTree = "<group>"; };
		79610DCE2AD22A2F00993D09 /* Preview Assets.xcassets */ = {isa = PBXFileReference; lastKnownFileType = folder.assetcatalog; path = "Preview Assets.xcassets"; sourceTree = "<group>"; };
		79610DD02AD22A2F00993D09 /* MessageBarView.swift */ = {isa = PBXFileReference; fileEncoding = 4; lastKnownFileType = sourcecode.swift; path = MessageBarView.swift; sourceTree = "<group>"; };
		79610DD32AD22A2F00993D09 /* SidebarView.swift */ = {isa = PBXFileReference; fileEncoding = 4; lastKnownFileType = sourcecode.swift; path = SidebarView.swift; sourceTree = "<group>"; };
		79610DD62AD22A2F00993D09 /* MessageView.swift */ = {isa = PBXFileReference; fileEncoding = 4; lastKnownFileType = sourcecode.swift; path = MessageView.swift; sourceTree = "<group>"; };
		79610DEC2AD230A200993D09 /* ChatView.swift */ = {isa = PBXFileReference; lastKnownFileType = sourcecode.swift; path = ChatView.swift; sourceTree = "<group>"; };
		797A12B72C2DB33100494DD9 /* SettingsWindowManager.swift */ = {isa = PBXFileReference; lastKnownFileType = sourcecode.swift; path = SettingsWindowManager.swift; sourceTree = "<group>"; };
		797A12BB2C2EB4C300494DD9 /* CoreDataStack.swift */ = {isa = PBXFileReference; lastKnownFileType = sourcecode.swift; path = CoreDataStack.swift; sourceTree = "<group>"; };
		797A12BE2C2EB53800494DD9 /* ChatModel.xcdatamodel */ = {isa = PBXFileReference; lastKnownFileType = wrapper.xcdatamodel; path = ChatModel.xcdatamodel; sourceTree = "<group>"; };
		797A12C02C2EB9E200494DD9 /* ChatViewModel.swift */ = {isa = PBXFileReference; lastKnownFileType = sourcecode.swift; path = ChatViewModel.swift; sourceTree = "<group>"; };
		798A9CE72AD3AB4300E9D039 /* LocalHostServer.swift */ = {isa = PBXFileReference; lastKnownFileType = sourcecode.swift; path = LocalHostServer.swift; sourceTree = "<group>"; };
		79AF97542D9E332500313A4C /* NSImage.swift */ = {isa = PBXFileReference; lastKnownFileType = sourcecode.swift; path = NSImage.swift; sourceTree = "<group>"; };
		79AF97562D9E33BE00313A4C /* ImagePreview.swift */ = {isa = PBXFileReference; lastKnownFileType = sourcecode.swift; path = ImagePreview.swift; sourceTree = "<group>"; };
		79B37BFA2DA06BB1006A7A62 /* DocumentPreview.swift */ = {isa = PBXFileReference; lastKnownFileType = sourcecode.swift; path = DocumentPreview.swift; sourceTree = "<group>"; };
		79BF645E2ACFF8FD00383300 /* README.md */ = {isa = PBXFileReference; lastKnownFileType = net.daringfireball.markdown; path = README.md; sourceTree = "<group>"; };
		79BFF50F2AD342710057BF3A /* ChatManager.swift */ = {isa = PBXFileReference; lastKnownFileType = sourcecode.swift; path = ChatManager.swift; sourceTree = "<group>"; };
		79C4F01D2C30362100C488C2 /* AppDelegate.swift */ = {isa = PBXFileReference; lastKnownFileType = sourcecode.swift; path = AppDelegate.swift; sourceTree = "<group>"; };
		79C4F01F2C3048A300C488C2 /* AppCoordinator.swift */ = {isa = PBXFileReference; lastKnownFileType = sourcecode.swift; path = AppCoordinator.swift; sourceTree = "<group>"; };
		79C7F5EC2AD282EE008FBB35 /* EnvironmentExtensions.swift */ = {isa = PBXFileReference; lastKnownFileType = sourcecode.swift; path = EnvironmentExtensions.swift; sourceTree = "<group>"; };
		79D3C7822D9C799000CB020F /* AppStateManager.swift */ = {isa = PBXFileReference; lastKnownFileType = sourcecode.swift; path = AppStateManager.swift; sourceTree = "<group>"; };
		79D6E6A22C99BFF300314D86 /* GithubTheme.swift */ = {isa = PBXFileReference; fileEncoding = 4; lastKnownFileType = sourcecode.swift; name = GithubTheme.swift; path = "Amazon Bedrock Client for Mac/Utils/GithubTheme.swift"; sourceTree = SOURCE_ROOT; };
		79E0AC5A2D63EDDB0041829A /* TranscribeStreamingManager.swift */ = {isa = PBXFileReference; lastKnownFileType = sourcecode.swift; path = TranscribeStreamingManager.swift; sourceTree = "<group>"; };
		79E0AC5E2D63F49F0041829A /* Amazon Bedrock Client for Mac.entitlements */ = {isa = PBXFileReference; lastKnownFileType = text.plist.entitlements; path = "Amazon Bedrock Client for Mac.entitlements"; sourceTree = "<group>"; };
		79F2C4012EB0705A003F46E6 /* Bedrock.icon */ = {isa = PBXFileReference; lastKnownFileType = folder.iconcomposer.icon; path = Bedrock.icon; sourceTree = "<group>"; };
		79F53C842E7B08AA00F129F4 /* HotkeyManager.swift */ = {isa = PBXFileReference; lastKnownFileType = sourcecode.swift; path = HotkeyManager.swift; sourceTree = "<group>"; };
		79F53C862E7B08BB00F129F4 /* QuickAccessWindowManager.swift */ = {isa = PBXFileReference; lastKnownFileType = sourcecode.swift; path = QuickAccessWindowManager.swift; sourceTree = "<group>"; };
		79F53C882E7B0B3800F129F4 /* QuickAccessView.swift */ = {isa = PBXFileReference; lastKnownFileType = sourcecode.swift; path = QuickAccessView.swift; sourceTree = "<group>"; };
		79F53C8A2E7B0DBA00F129F4 /* HotkeyRecorderView.swift */ = {isa = PBXFileReference; lastKnownFileType = sourcecode.swift; path = HotkeyRecorderView.swift; sourceTree = "<group>"; };
		79FD1C252C3777180009E50F /* Markdown.swift */ = {isa = PBXFileReference; lastKnownFileType = sourcecode.swift; path = Markdown.swift; sourceTree = "<group>"; };
		79FDE2582DFBF410003960BC /* ModelSelectorDropdown.swift */ = {isa = PBXFileReference; lastKnownFileType = sourcecode.swift; path = ModelSelectorDropdown.swift; sourceTree = "<group>"; };
		79FDE25A2DFBF456003960BC /* InferenceConfigDropdown.swift */ = {isa = PBXFileReference; lastKnownFileType = sourcecode.swift; path = InferenceConfigDropdown.swift; sourceTree = "<group>"; };
		79FF2B322D925ED10075249D /* MCPManager.swift */ = {isa = PBXFileReference; lastKnownFileType = sourcecode.swift; path = MCPManager.swift; sourceTree = "<group>"; };
		79FF2B342D925F280075249D /* MCPModels.swift */ = {isa = PBXFileReference; lastKnownFileType = sourcecode.swift; path = MCPModels.swift; sourceTree = "<group>"; };
		79FF2B362D925F300075249D /* MCPOAuthManager.swift */ = {isa = PBXFileReference; lastKnownFileType = sourcecode.swift; path = MCPOAuthManager.swift; sourceTree = "<group>"; };
		EDAE4CC52B3D943E99083226 /* SearchEngine.swift */ = {isa = PBXFileReference; fileEncoding = 4; lastKnownFileType = sourcecode.swift; path = SearchEngine.swift; sourceTree = "<group>"; };
/* End PBXFileReference section */

/* Begin PBXFrameworksBuildPhase section */
		7907BE912ACD87A000C4D500 /* Frameworks */ = {
			isa = PBXFrameworksBuildPhase;
			buildActionMask = 2147483647;
			files = (
				792D8E652DDFE55E00BB1C01 /* MCP in Frameworks */,
				79E0AC5D2D63EE4F0041829A /* AWSTranscribeStreaming in Frameworks */,
				79AC789A2C31691800BD6FB1 /* AWSSSOOIDC in Frameworks */,
				79AC78982C31691800BD6FB1 /* AWSSSO in Frameworks */,
				798A9CE62AD3AB2E00E9D039 /* Vapor in Frameworks */,
				79E5A0002ACDA88700DC6657 /* AWSBedrockRuntime in Frameworks */,
				79A305692EB05A2200DAE32F /* MarkdownKit in Frameworks */,
				79E59FFE2ACDA88700DC6657 /* AWSBedrock in Frameworks */,
			);
			runOnlyForDeploymentPostprocessing = 0;
		};
		7907BEA22ACD87A200C4D500 /* Frameworks */ = {
			isa = PBXFrameworksBuildPhase;
			buildActionMask = 2147483647;
			files = (
			);
			runOnlyForDeploymentPostprocessing = 0;
		};
		7907BEAC2ACD87A200C4D500 /* Frameworks */ = {
			isa = PBXFrameworksBuildPhase;
			buildActionMask = 2147483647;
			files = (
			);
			runOnlyForDeploymentPostprocessing = 0;
		};
/* End PBXFrameworksBuildPhase section */

/* Begin PBXGroup section */
		7907BE8B2ACD87A000C4D500 = {
			isa = PBXGroup;
			children = (
				791461202AD0E51B00C454DC /* LICENSE */,
				79BF645E2ACFF8FD00383300 /* README.md */,
				79610DBA2AD22A2F00993D09 /* Amazon Bedrock Client for Mac */,
				79A305662EB0599300DAE32F /* Frameworks */,
				7907BE952ACD87A100C4D500 /* Products */,
			);
			sourceTree = "<group>";
		};
		7907BE952ACD87A100C4D500 /* Products */ = {
			isa = PBXGroup;
			children = (
				7907BE942ACD87A100C4D500 /* Amazon Bedrock Debug.app */,
				7907BEA52ACD87A200C4D500 /* Amazon Bedrock Client for MacTests.xctest */,
				7907BEAF2ACD87A200C4D500 /* Amazon Bedrock Client for MacUITests.xctest */,
			);
			name = Products;
			sourceTree = "<group>";
		};
		79610DBA2AD22A2F00993D09 /* Amazon Bedrock Client for Mac */ = {
			isa = PBXGroup;
			children = (
				79F2C4012EB0705A003F46E6 /* Bedrock.icon */,
				79E0AC5E2D63F49F0041829A /* Amazon Bedrock Client for Mac.entitlements */,
				79610DC22AD22A2F00993D09 /* Assets.xcassets */,
				79610DBB2AD22A2F00993D09 /* Core */,
				79610DBF2AD22A2F00993D09 /* Managers */,
				79610DC92AD22A2F00993D09 /* Models */,
				79610DCD2AD22A2F00993D09 /* Preview Content */,
				79610DC32AD22A2F00993D09 /* Utils */,
				79610DCF2AD22A2F00993D09 /* Views */,
			);
			path = "Amazon Bedrock Client for Mac";
			sourceTree = "<group>";
		};
		79610DBB2AD22A2F00993D09 /* Core */ = {
			isa = PBXGroup;
			children = (
				79610DBC2AD22A2F00993D09 /* Amazon_Bedrock_Client_for_Mac.entitlements */,
				79610DBE2AD22A2F00993D09 /* Amazon_Bedrock_Client_for_MacApp.swift */,
				79C4F01D2C30362100C488C2 /* AppDelegate.swift */,
				797A12BD2C2EB53800494DD9 /* ChatModel.xcdatamodeld */,
				797A12BB2C2EB4C300494DD9 /* CoreDataStack.swift */,
				79610DBD2AD22A2F00993D09 /* SidebarSelection.swift */,
			);
			path = Core;
			sourceTree = "<group>";
		};
		79610DBF2AD22A2F00993D09 /* Managers */ = {
			isa = PBXGroup;
			children = (
				79C4F01F2C3048A300C488C2 /* AppCoordinator.swift */,
				79D3C7822D9C799000CB020F /* AppStateManager.swift */,
				79610DC12AD22A2F00993D09 /* BedrockClient.swift */,
				79BFF50F2AD342710057BF3A /* ChatManager.swift */,
				79F53C842E7B08AA00F129F4 /* HotkeyManager.swift */,
				79FF2B322D925ED10075249D /* MCPManager.swift */,
				79FF2B362D925F300075249D /* MCPOAuthManager.swift */,
				793FE0B72DE56292004236B9 /* ModelInferenceConfig.swift */,
				79F53C862E7B08BB00F129F4 /* QuickAccessWindowManager.swift */,
				7954F8462AD249A7008B03D3 /* SettingManager.swift */,
				797A12B72C2DB33100494DD9 /* SettingsWindowManager.swift */,
				790804232B99F0DA00930011 /* SharedMediaDataSource.swift */,
				7953C5AA2C345B8700663438 /* SSOManager.swift */,
				79E0AC5A2D63EDDB0041829A /* TranscribeStreamingManager.swift */,
				7937953C2B46CAF1000C94A5 /* UpdateManager.swift */,
			);
			path = Managers;
			sourceTree = "<group>";
		};
		79610DC32AD22A2F00993D09 /* Utils */ = {
			isa = PBXGroup;
			children = (
				79C7F5EC2AD282EE008FBB35 /* EnvironmentExtensions.swift */,
				79610DC82AD22A2F00993D09 /* FirstResponderTextField.swift */,
				79D6E6A22C99BFF300314D86 /* GithubTheme.swift */,
				798A9CE72AD3AB4300E9D039 /* LocalHostServer.swift */,
				79FD1C252C3777180009E50F /* Markdown.swift */,
				79AF97542D9E332500313A4C /* NSImage.swift */,
				EDAE4CC52B3D943E99083226 /* SearchEngine.swift */,
			);
			path = Utils;
			sourceTree = "<group>";
		};
		79610DC92AD22A2F00993D09 /* Models */ = {
			isa = PBXGroup;
			children = (
				7954F8422AD247CC008B03D3 /* AWSRegion.swift */,
				79610DCA2AD22A2F00993D09 /* ChatModel.swift */,
				797A12C02C2EB9E200494DD9 /* ChatViewModel.swift */,
				79FF2B342D925F280075249D /* MCPModels.swift */,
				79610DCB2AD22A2F00993D09 /* MessageData.swift */,
			);
			path = Models;
			sourceTree = "<group>";
		};
		79610DCD2AD22A2F00993D09 /* Preview Content */ = {
			isa = PBXGroup;
			children = (
				79610DCE2AD22A2F00993D09 /* Preview Assets.xcassets */,
			);
			path = "Preview Content";
			sourceTree = "<group>";
		};
		79610DCF2AD22A2F00993D09 /* Views */ = {
			isa = PBXGroup;
			children = (
				79610DEC2AD230A200993D09 /* ChatView.swift */,
				79B37BFA2DA06BB1006A7A62 /* DocumentPreview.swift */,
				79F53C8A2E7B0DBA00F129F4 /* HotkeyRecorderView.swift */,
				79AF97562D9E33BE00313A4C /* ImagePreview.swift */,
				79FDE25A2DFBF456003960BC /* InferenceConfigDropdown.swift */,
				795D9C8E2BC57D3900DF38C0 /* MainView.swift */,
				79610DD02AD22A2F00993D09 /* MessageBarView.swift */,
				79610DD62AD22A2F00993D09 /* MessageView.swift */,
				79FDE2582DFBF410003960BC /* ModelSelectorDropdown.swift */,
				79F53C882E7B0B3800F129F4 /* QuickAccessView.swift */,
				7954F8442AD247DF008B03D3 /* SettingsView.swift */,
				79610DD32AD22A2F00993D09 /* SidebarView.swift */,
			);
			path = Views;
			sourceTree = "<group>";
		};
		79A305662EB0599300DAE32F /* Frameworks */ = {
			isa = PBXGroup;
			children = (
			);
			name = Frameworks;
			sourceTree = "<group>";
		};
/* End PBXGroup section */

/* Begin PBXNativeTarget section */
		7907BE932ACD87A000C4D500 /* Amazon Bedrock Client for Mac */ = {
			isa = PBXNativeTarget;
			buildConfigurationList = 7907BEB92ACD87A200C4D500 /* Build configuration list for PBXNativeTarget "Amazon Bedrock Client for Mac" */;
			buildPhases = (
				7907BE902ACD87A000C4D500 /* Sources */,
				7907BE912ACD87A000C4D500 /* Frameworks */,
				7907BE922ACD87A000C4D500 /* Resources */,
			);
			buildRules = (
			);
			dependencies = (
			);
			name = "Amazon Bedrock Client for Mac";
			packageProductDependencies = (
				79E59FFD2ACDA88700DC6657 /* AWSBedrock */,
				79E59FFF2ACDA88700DC6657 /* AWSBedrockRuntime */,
				798A9CE52AD3AB2E00E9D039 /* Vapor */,
				79AC78972C31691800BD6FB1 /* AWSSSO */,
				79AC78992C31691800BD6FB1 /* AWSSSOOIDC */,
				79E0AC5C2D63EE4F0041829A /* AWSTranscribeStreaming */,
				792D8E642DDFE55E00BB1C01 /* MCP */,
				79A305682EB05A2200DAE32F /* MarkdownKit */,
			);
			productName = "Amazon Bedrock Client for Mac";
			productReference = 7907BE942ACD87A100C4D500 /* Amazon Bedrock Debug.app */;
			productType = "com.apple.product-type.application";
		};
		7907BEA42ACD87A200C4D500 /* Amazon Bedrock Client for MacTests */ = {
			isa = PBXNativeTarget;
			buildConfigurationList = 7907BEBC2ACD87A200C4D500 /* Build configuration list for PBXNativeTarget "Amazon Bedrock Client for MacTests" */;
			buildPhases = (
				7907BEA12ACD87A200C4D500 /* Sources */,
				7907BEA22ACD87A200C4D500 /* Frameworks */,
				7907BEA32ACD87A200C4D500 /* Resources */,
			);
			buildRules = (
			);
			dependencies = (
				7907BEA72ACD87A200C4D500 /* PBXTargetDependency */,
			);
			name = "Amazon Bedrock Client for MacTests";
			productName = "Amazon Bedrock Client for MacTests";
			productReference = 7907BEA52ACD87A200C4D500 /* Amazon Bedrock Client for MacTests.xctest */;
			productType = "com.apple.product-type.bundle.unit-test";
		};
		7907BEAE2ACD87A200C4D500 /* Amazon Bedrock Client for MacUITests */ = {
			isa = PBXNativeTarget;
			buildConfigurationList = 7907BEBF2ACD87A200C4D500 /* Build configuration list for PBXNativeTarget "Amazon Bedrock Client for MacUITests" */;
			buildPhases = (
				7907BEAB2ACD87A200C4D500 /* Sources */,
				7907BEAC2ACD87A200C4D500 /* Frameworks */,
				7907BEAD2ACD87A200C4D500 /* Resources */,
			);
			buildRules = (
			);
			dependencies = (
				7907BEB12ACD87A200C4D500 /* PBXTargetDependency */,
			);
			name = "Amazon Bedrock Client for MacUITests";
			productName = "Amazon Bedrock Client for MacUITests";
			productReference = 7907BEAF2ACD87A200C4D500 /* Amazon Bedrock Client for MacUITests.xctest */;
			productType = "com.apple.product-type.bundle.ui-testing";
		};
/* End PBXNativeTarget section */

/* Begin PBXProject section */
		7907BE8C2ACD87A000C4D500 /* Project object */ = {
			isa = PBXProject;
			attributes = {
				BuildIndependentTargetsInParallel = 1;
				LastSwiftUpdateCheck = 1500;
				LastUpgradeCheck = 2600;
				TargetAttributes = {
					7907BE932ACD87A000C4D500 = {
						CreatedOnToolsVersion = 15.0;
					};
					7907BEA42ACD87A200C4D500 = {
						CreatedOnToolsVersion = 15.0;
						TestTargetID = 7907BE932ACD87A000C4D500;
					};
					7907BEAE2ACD87A200C4D500 = {
						CreatedOnToolsVersion = 15.0;
						TestTargetID = 7907BE932ACD87A000C4D500;
					};
				};
			};
			buildConfigurationList = 7907BE8F2ACD87A000C4D500 /* Build configuration list for PBXProject "Amazon Bedrock Client for Mac" */;
			compatibilityVersion = "Xcode 14.0";
			developmentRegion = en;
			hasScannedForEncodings = 0;
			knownRegions = (
				en,
				Base,
			);
			mainGroup = 7907BE8B2ACD87A000C4D500;
			packageReferences = (
				79E59FFC2ACDA88700DC6657 /* XCRemoteSwiftPackageReference "aws-sdk-swift" */,
				798A9CE42AD3AB2E00E9D039 /* XCRemoteSwiftPackageReference "vapor" */,
				792D8E632DDFE55E00BB1C01 /* XCRemoteSwiftPackageReference "swift-sdk" */,
				79A305672EB05A2200DAE32F /* XCRemoteSwiftPackageReference "swift-markdownkit" */,
			);
			productRefGroup = 7907BE952ACD87A100C4D500 /* Products */;
			projectDirPath = "";
			projectRoot = "";
			targets = (
				7907BE932ACD87A000C4D500 /* Amazon Bedrock Client for Mac */,
				7907BEA42ACD87A200C4D500 /* Amazon Bedrock Client for MacTests */,
				7907BEAE2ACD87A200C4D500 /* Amazon Bedrock Client for MacUITests */,
			);
		};
/* End PBXProject section */

/* Begin PBXResourcesBuildPhase section */
		7907BE922ACD87A000C4D500 /* Resources */ = {
			isa = PBXResourcesBuildPhase;
			buildActionMask = 2147483647;
			files = (
				79BF645F2ACFF8FD00383300 /* README.md in Resources */,
				79F2C4022EB0705A003F46E6 /* Bedrock.icon in Resources */,
				79610DE42AD22A2F00993D09 /* Preview Assets.xcassets in Resources */,
				79610DDB2AD22A2F00993D09 /* Assets.xcassets in Resources */,
			);
			runOnlyForDeploymentPostprocessing = 0;
		};
		7907BEA32ACD87A200C4D500 /* Resources */ = {
			isa = PBXResourcesBuildPhase;
			buildActionMask = 2147483647;
			files = (
			);
			runOnlyForDeploymentPostprocessing = 0;
		};
		7907BEAD2ACD87A200C4D500 /* Resources */ = {
			isa = PBXResourcesBuildPhase;
			buildActionMask = 2147483647;
			files = (
			);
			runOnlyForDeploymentPostprocessing = 0;
		};
/* End PBXResourcesBuildPhase section */

/* Begin PBXSourcesBuildPhase section */
		7907BE902ACD87A000C4D500 /* Sources */ = {
			isa = PBXSourcesBuildPhase;
			buildActionMask = 2147483647;
			files = (
				79610DE22AD22A2F00993D09 /* MessageData.swift in Sources */,
				7954F8452AD247DF008B03D3 /* SettingsView.swift in Sources */,
				79D6E6A32C99BFF300314D86 /* GithubTheme.swift in Sources */,
				79610DE82AD22A2F00993D09 /* SidebarView.swift in Sources */,
				79AF97552D9E332A00313A4C /* NSImage.swift in Sources */,
				79B37BFB2DA06BB5006A7A62 /* DocumentPreview.swift in Sources */,
				790804242B99F0DA00930011 /* SharedMediaDataSource.swift in Sources */,
				79FF2B332D925EDB0075249D /* MCPManager.swift in Sources */,
				79FF2B372D925F320075249D /* MCPOAuthManager.swift in Sources */,
				7937953D2B46CAF1000C94A5 /* UpdateManager.swift in Sources */,
				79FD1C262C3777180009E50F /* Markdown.swift in Sources */,
				79AF97572D9E33C400313A4C /* ImagePreview.swift in Sources */,
				79610DE12AD22A2F00993D09 /* ChatModel.swift in Sources */,
				797A12BC2C2EB4C300494DD9 /* CoreDataStack.swift in Sources */,
				79FF2B352D925F2E0075249D /* MCPModels.swift in Sources */,
				7953C5AB2C345B8700663438 /* SSOManager.swift in Sources */,
				79FDE2592DFBF410003960BC /* ModelSelectorDropdown.swift in Sources */,
				79610DD72AD22A2F00993D09 /* SidebarSelection.swift in Sources */,
				7954F8472AD249A7008B03D3 /* SettingManager.swift in Sources */,
				79F53C872E7B08BE00F129F4 /* QuickAccessWindowManager.swift in Sources */,
				7954F8432AD247CC008B03D3 /* AWSRegion.swift in Sources */,
				79F53C892E7B0B3800F129F4 /* QuickAccessView.swift in Sources */,
				79610DED2AD230A200993D09 /* ChatView.swift in Sources */,
				798A9CE82AD3AB4300E9D039 /* LocalHostServer.swift in Sources */,
				79D3C7832D9C799700CB020F /* AppStateManager.swift in Sources */,
				79E0AC5B2D63EDDC0041829A /* TranscribeStreamingManager.swift in Sources */,
				79610DD82AD22A2F00993D09 /* Amazon_Bedrock_Client_for_MacApp.swift in Sources */,
				79610DDA2AD22A2F00993D09 /* BedrockClient.swift in Sources */,
				79C4F0202C3048A300C488C2 /* AppCoordinator.swift in Sources */,
				79610DEB2AD22A2F00993D09 /* MessageView.swift in Sources */,
				795D9C8F2BC57D3900DF38C0 /* MainView.swift in Sources */,
				79FDE25B2DFBF456003960BC /* InferenceConfigDropdown.swift in Sources */,
				79C4F01E2C30362100C488C2 /* AppDelegate.swift in Sources */,
				793FE0B82DE56292004236B9 /* ModelInferenceConfig.swift in Sources */,
				79610DE02AD22A2F00993D09 /* FirstResponderTextField.swift in Sources */,
				EDAE4CC62B3D943E99083227 /* SearchEngine.swift in Sources */,
				79C7F5ED2AD282EE008FBB35 /* EnvironmentExtensions.swift in Sources */,
				797A12B82C2DB33100494DD9 /* SettingsWindowManager.swift in Sources */,
				79F53C8B2E7B0DBA00F129F4 /* HotkeyRecorderView.swift in Sources */,
				79610DE52AD22A2F00993D09 /* MessageBarView.swift in Sources */,
				79BFF5102AD342710057BF3A /* ChatManager.swift in Sources */,
				79F53C852E7B08AF00F129F4 /* HotkeyManager.swift in Sources */,
				797A12C12C2EB9E200494DD9 /* ChatViewModel.swift in Sources */,
				797A12BF2C2EB53800494DD9 /* ChatModel.xcdatamodeld in Sources */,
			);
			runOnlyForDeploymentPostprocessing = 0;
		};
		7907BEA12ACD87A200C4D500 /* Sources */ = {
			isa = PBXSourcesBuildPhase;
			buildActionMask = 2147483647;
			files = (
			);
			runOnlyForDeploymentPostprocessing = 0;
		};
		7907BEAB2ACD87A200C4D500 /* Sources */ = {
			isa = PBXSourcesBuildPhase;
			buildActionMask = 2147483647;
			files = (
			);
			runOnlyForDeploymentPostprocessing = 0;
		};
/* End PBXSourcesBuildPhase section */

/* Begin PBXTargetDependency section */
		7907BEA72ACD87A200C4D500 /* PBXTargetDependency */ = {
			isa = PBXTargetDependency;
			target = 7907BE932ACD87A000C4D500 /* Amazon Bedrock Client for Mac */;
			targetProxy = 7907BEA62ACD87A200C4D500 /* PBXContainerItemProxy */;
		};
		7907BEB12ACD87A200C4D500 /* PBXTargetDependency */ = {
			isa = PBXTargetDependency;
			target = 7907BE932ACD87A000C4D500 /* Amazon Bedrock Client for Mac */;
			targetProxy = 7907BEB02ACD87A200C4D500 /* PBXContainerItemProxy */;
		};
/* End PBXTargetDependency section */

/* Begin XCBuildConfiguration section */
		7907BEB72ACD87A200C4D500 /* Debug */ = {
			isa = XCBuildConfiguration;
			buildSettings = {
				ALWAYS_SEARCH_USER_PATHS = NO;
				ASSETCATALOG_COMPILER_APPICON_NAME = AppIcon;
				ASSETCATALOG_COMPILER_GENERATE_SWIFT_ASSET_SYMBOL_EXTENSIONS = YES;
				ASSETCATALOG_COMPILER_INCLUDE_ALL_APPICON_ASSETS = YES;
				CLANG_ANALYZER_NONNULL = YES;
				CLANG_ANALYZER_NUMBER_OBJECT_CONVERSION = YES_AGGRESSIVE;
				CLANG_CXX_LANGUAGE_STANDARD = "gnu++20";
				CLANG_ENABLE_MODULES = YES;
				CLANG_ENABLE_OBJC_ARC = YES;
				CLANG_ENABLE_OBJC_WEAK = YES;
				CLANG_WARN_BLOCK_CAPTURE_AUTORELEASING = YES;
				CLANG_WARN_BOOL_CONVERSION = YES;
				CLANG_WARN_COMMA = YES;
				CLANG_WARN_CONSTANT_CONVERSION = YES;
				CLANG_WARN_DEPRECATED_OBJC_IMPLEMENTATIONS = YES;
				CLANG_WARN_DIRECT_OBJC_ISA_USAGE = YES_ERROR;
				CLANG_WARN_DOCUMENTATION_COMMENTS = YES;
				CLANG_WARN_EMPTY_BODY = YES;
				CLANG_WARN_ENUM_CONVERSION = YES;
				CLANG_WARN_INFINITE_RECURSION = YES;
				CLANG_WARN_INT_CONVERSION = YES;
				CLANG_WARN_NON_LITERAL_NULL_CONVERSION = YES;
				CLANG_WARN_OBJC_IMPLICIT_RETAIN_SELF = YES;
				CLANG_WARN_OBJC_LITERAL_CONVERSION = YES;
				CLANG_WARN_OBJC_ROOT_CLASS = YES_ERROR;
				CLANG_WARN_QUOTED_INCLUDE_IN_FRAMEWORK_HEADER = YES;
				CLANG_WARN_RANGE_LOOP_ANALYSIS = YES;
				CLANG_WARN_STRICT_PROTOTYPES = YES;
				CLANG_WARN_SUSPICIOUS_MOVE = YES;
				CLANG_WARN_UNGUARDED_AVAILABILITY = YES_AGGRESSIVE;
				CLANG_WARN_UNREACHABLE_CODE = YES;
				CLANG_WARN__DUPLICATE_METHOD_MATCH = YES;
				COPY_PHASE_STRIP = NO;
				DEAD_CODE_STRIPPING = YES;
				DEBUG_INFORMATION_FORMAT = dwarf;
				ENABLE_STRICT_OBJC_MSGSEND = YES;
				ENABLE_TESTABILITY = YES;
				ENABLE_USER_SCRIPT_SANDBOXING = YES;
				GCC_C_LANGUAGE_STANDARD = gnu17;
				GCC_DYNAMIC_NO_PIC = NO;
				GCC_NO_COMMON_BLOCKS = YES;
				GCC_OPTIMIZATION_LEVEL = 0;
				GCC_PREPROCESSOR_DEFINITIONS = (
					"DEBUG=1",
					"$(inherited)",
				);
				GCC_WARN_64_TO_32_BIT_CONVERSION = YES;
				GCC_WARN_ABOUT_RETURN_TYPE = YES_ERROR;
				GCC_WARN_UNDECLARED_SELECTOR = YES;
				GCC_WARN_UNINITIALIZED_AUTOS = YES_AGGRESSIVE;
				GCC_WARN_UNUSED_FUNCTION = YES;
				GCC_WARN_UNUSED_VARIABLE = YES;
				INFOPLIST_KEY_CFBundleDisplayName = "Amazon Bedrock";
				LOCALIZATION_PREFERS_STRING_CATALOGS = YES;
				MACOSX_DEPLOYMENT_TARGET = 14.6;
				MTL_ENABLE_DEBUG_INFO = INCLUDE_SOURCE;
				MTL_FAST_MATH = YES;
				ONLY_ACTIVE_ARCH = YES;
				STRING_CATALOG_GENERATE_SYMBOLS = YES;
				SWIFT_ACTIVE_COMPILATION_CONDITIONS = "DEBUG $(inherited)";
				SWIFT_OPTIMIZATION_LEVEL = "-Onone";
			};
			name = Debug;
		};
		7907BEB82ACD87A200C4D500 /* Release */ = {
			isa = XCBuildConfiguration;
			buildSettings = {
				ALWAYS_SEARCH_USER_PATHS = NO;
				ASSETCATALOG_COMPILER_APPICON_NAME = AppIcon;
				ASSETCATALOG_COMPILER_GENERATE_SWIFT_ASSET_SYMBOL_EXTENSIONS = YES;
				ASSETCATALOG_COMPILER_INCLUDE_ALL_APPICON_ASSETS = YES;
				CLANG_ANALYZER_NONNULL = YES;
				CLANG_ANALYZER_NUMBER_OBJECT_CONVERSION = YES_AGGRESSIVE;
				CLANG_CXX_LANGUAGE_STANDARD = "gnu++20";
				CLANG_ENABLE_MODULES = YES;
				CLANG_ENABLE_OBJC_ARC = YES;
				CLANG_ENABLE_OBJC_WEAK = YES;
				CLANG_WARN_BLOCK_CAPTURE_AUTORELEASING = YES;
				CLANG_WARN_BOOL_CONVERSION = YES;
				CLANG_WARN_COMMA = YES;
				CLANG_WARN_CONSTANT_CONVERSION = YES;
				CLANG_WARN_DEPRECATED_OBJC_IMPLEMENTATIONS = YES;
				CLANG_WARN_DIRECT_OBJC_ISA_USAGE = YES_ERROR;
				CLANG_WARN_DOCUMENTATION_COMMENTS = YES;
				CLANG_WARN_EMPTY_BODY = YES;
				CLANG_WARN_ENUM_CONVERSION = YES;
				CLANG_WARN_INFINITE_RECURSION = YES;
				CLANG_WARN_INT_CONVERSION = YES;
				CLANG_WARN_NON_LITERAL_NULL_CONVERSION = YES;
				CLANG_WARN_OBJC_IMPLICIT_RETAIN_SELF = YES;
				CLANG_WARN_OBJC_LITERAL_CONVERSION = YES;
				CLANG_WARN_OBJC_ROOT_CLASS = YES_ERROR;
				CLANG_WARN_QUOTED_INCLUDE_IN_FRAMEWORK_HEADER = YES;
				CLANG_WARN_RANGE_LOOP_ANALYSIS = YES;
				CLANG_WARN_STRICT_PROTOTYPES = YES;
				CLANG_WARN_SUSPICIOUS_MOVE = YES;
				CLANG_WARN_UNGUARDED_AVAILABILITY = YES_AGGRESSIVE;
				CLANG_WARN_UNREACHABLE_CODE = YES;
				CLANG_WARN__DUPLICATE_METHOD_MATCH = YES;
				COPY_PHASE_STRIP = NO;
				DEAD_CODE_STRIPPING = YES;
				DEBUG_INFORMATION_FORMAT = "dwarf-with-dsym";
				ENABLE_NS_ASSERTIONS = NO;
				ENABLE_STRICT_OBJC_MSGSEND = YES;
				ENABLE_USER_SCRIPT_SANDBOXING = YES;
				GCC_C_LANGUAGE_STANDARD = gnu17;
				GCC_NO_COMMON_BLOCKS = YES;
				GCC_WARN_64_TO_32_BIT_CONVERSION = YES;
				GCC_WARN_ABOUT_RETURN_TYPE = YES_ERROR;
				GCC_WARN_UNDECLARED_SELECTOR = YES;
				GCC_WARN_UNINITIALIZED_AUTOS = YES_AGGRESSIVE;
				GCC_WARN_UNUSED_FUNCTION = YES;
				GCC_WARN_UNUSED_VARIABLE = YES;
				INFOPLIST_KEY_CFBundleDisplayName = "Amazon Bedrock";
				LOCALIZATION_PREFERS_STRING_CATALOGS = YES;
				MACOSX_DEPLOYMENT_TARGET = 14.6;
				MTL_ENABLE_DEBUG_INFO = NO;
				MTL_FAST_MATH = YES;
				STRING_CATALOG_GENERATE_SYMBOLS = YES;
				SWIFT_COMPILATION_MODE = wholemodule;
			};
			name = Release;
		};
		7907BEBA2ACD87A200C4D500 /* Debug */ = {
			isa = XCBuildConfiguration;
			buildSettings = {
				ASSETCATALOG_COMPILER_APPICON_NAME = Bedrock;
				ASSETCATALOG_COMPILER_GLOBAL_ACCENT_COLOR_NAME = AccentColor;
				ASSETCATALOG_COMPILER_INCLUDE_ALL_APPICON_ASSETS = YES;
				ASSETCATALOG_OTHER_FLAGS = "";
				CODE_SIGN_ENTITLEMENTS = "Amazon Bedrock Client for Mac/Amazon Bedrock Client for Mac.entitlements";
				CODE_SIGN_STYLE = Automatic;
				CURRENT_PROJECT_VERSION = 1.4.2;
				DEAD_CODE_STRIPPING = YES;
				DEVELOPMENT_ASSET_PATHS = "\"Amazon Bedrock Client for Mac/Preview Content\"";
				DEVELOPMENT_TEAM = B47A25FR9P;
				ENABLE_APP_SANDBOX = NO;
				ENABLE_HARDENED_RUNTIME = YES;
				ENABLE_OUTGOING_NETWORK_CONNECTIONS = YES;
				ENABLE_PREVIEWS = YES;
				ENABLE_RESOURCE_ACCESS_AUDIO_INPUT = YES;
				GCC_NO_COMMON_BLOCKS = YES;
				GENERATE_INFOPLIST_FILE = YES;
				"INFOPLIST_FILE[sdk=*]" = Info.plist;
				INFOPLIST_KEY_CFBundleDisplayName = "Amazon Bedrock";
				INFOPLIST_KEY_LSApplicationCategoryType = "public.app-category.productivity";
				"INFOPLIST_KEY_UIApplicationSceneManifest_Generation[sdk=iphoneos*]" = YES;
				"INFOPLIST_KEY_UIApplicationSceneManifest_Generation[sdk=iphonesimulator*]" = YES;
				"INFOPLIST_KEY_UIApplicationSupportsIndirectInputEvents[sdk=iphoneos*]" = YES;
				"INFOPLIST_KEY_UIApplicationSupportsIndirectInputEvents[sdk=iphonesimulator*]" = YES;
				"INFOPLIST_KEY_UILaunchScreen_Generation[sdk=iphoneos*]" = YES;
				"INFOPLIST_KEY_UILaunchScreen_Generation[sdk=iphonesimulator*]" = YES;
				"INFOPLIST_KEY_UIStatusBarStyle[sdk=iphoneos*]" = UIStatusBarStyleDefault;
				"INFOPLIST_KEY_UIStatusBarStyle[sdk=iphonesimulator*]" = UIStatusBarStyleDefault;
				INFOPLIST_KEY_UISupportedInterfaceOrientations_iPad = "UIInterfaceOrientationPortrait UIInterfaceOrientationPortraitUpsideDown UIInterfaceOrientationLandscapeLeft UIInterfaceOrientationLandscapeRight";
				INFOPLIST_KEY_UISupportedInterfaceOrientations_iPhone = "UIInterfaceOrientationPortrait UIInterfaceOrientationLandscapeLeft UIInterfaceOrientationLandscapeRight";
				IPHONEOS_DEPLOYMENT_TARGET = 17.0;
				LD_RUNPATH_SEARCH_PATHS = "@executable_path/Frameworks";
				"LD_RUNPATH_SEARCH_PATHS[sdk=macosx*]" = "@executable_path/../Frameworks";
				MACOSX_DEPLOYMENT_TARGET = 14.0;
				MARKETING_VERSION = 1.4.2;
				ONLY_ACTIVE_ARCH = YES;
				PRODUCT_BUNDLE_IDENTIFIER = "AWS.Amazon-Bedrock-Client-for-Mac";
				PRODUCT_NAME = "Amazon Bedrock Debug";
				PROVISIONING_PROFILE_SPECIFIER = "";
				RUNTIME_EXCEPTION_ALLOW_JIT = YES;
				RUNTIME_EXCEPTION_ALLOW_UNSIGNED_EXECUTABLE_MEMORY = YES;
				RUNTIME_EXCEPTION_DISABLE_LIBRARY_VALIDATION = YES;
				SDKROOT = auto;
				SUPPORTED_PLATFORMS = macosx;
				SWIFT_EMIT_LOC_STRINGS = YES;
				SWIFT_STRICT_CONCURRENCY = minimal;
				SWIFT_VERSION = 6.0;
				TARGETED_DEVICE_FAMILY = "1,2";
			};
			name = Debug;
		};
		7907BEBB2ACD87A200C4D500 /* Release */ = {
			isa = XCBuildConfiguration;
			buildSettings = {
				ASSETCATALOG_COMPILER_APPICON_NAME = Bedrock;
				ASSETCATALOG_COMPILER_GLOBAL_ACCENT_COLOR_NAME = AccentColor;
				ASSETCATALOG_COMPILER_INCLUDE_ALL_APPICON_ASSETS = YES;
				ASSETCATALOG_OTHER_FLAGS = "";
				CODE_SIGN_ENTITLEMENTS = "Amazon Bedrock Client for Mac/Amazon Bedrock Client for Mac.entitlements";
				CODE_SIGN_STYLE = Automatic;
				CURRENT_PROJECT_VERSION = 1.4.2;
				DEAD_CODE_STRIPPING = YES;
				DEVELOPMENT_ASSET_PATHS = "\"Amazon Bedrock Client for Mac/Preview Content\"";
				DEVELOPMENT_TEAM = B47A25FR9P;
				ENABLE_APP_SANDBOX = NO;
				ENABLE_HARDENED_RUNTIME = YES;
				ENABLE_OUTGOING_NETWORK_CONNECTIONS = YES;
				ENABLE_PREVIEWS = YES;
				ENABLE_RESOURCE_ACCESS_AUDIO_INPUT = YES;
				GCC_NO_COMMON_BLOCKS = YES;
				GENERATE_INFOPLIST_FILE = YES;
				"INFOPLIST_FILE[sdk=*]" = Info.plist;
				INFOPLIST_KEY_CFBundleDisplayName = "Amazon Bedrock";
				INFOPLIST_KEY_LSApplicationCategoryType = "public.app-category.productivity";
				"INFOPLIST_KEY_UIApplicationSceneManifest_Generation[sdk=iphoneos*]" = YES;
				"INFOPLIST_KEY_UIApplicationSceneManifest_Generation[sdk=iphonesimulator*]" = YES;
				"INFOPLIST_KEY_UIApplicationSupportsIndirectInputEvents[sdk=iphoneos*]" = YES;
				"INFOPLIST_KEY_UIApplicationSupportsIndirectInputEvents[sdk=iphonesimulator*]" = YES;
				"INFOPLIST_KEY_UILaunchScreen_Generation[sdk=iphoneos*]" = YES;
				"INFOPLIST_KEY_UILaunchScreen_Generation[sdk=iphonesimulator*]" = YES;
				"INFOPLIST_KEY_UIStatusBarStyle[sdk=iphoneos*]" = UIStatusBarStyleDefault;
				"INFOPLIST_KEY_UIStatusBarStyle[sdk=iphonesimulator*]" = UIStatusBarStyleDefault;
				INFOPLIST_KEY_UISupportedInterfaceOrientations_iPad = "UIInterfaceOrientationPortrait UIInterfaceOrientationPortraitUpsideDown UIInterfaceOrientationLandscapeLeft UIInterfaceOrientationLandscapeRight";
				INFOPLIST_KEY_UISupportedInterfaceOrientations_iPhone = "UIInterfaceOrientationPortrait UIInterfaceOrientationLandscapeLeft UIInterfaceOrientationLandscapeRight";
				IPHONEOS_DEPLOYMENT_TARGET = 17.0;
				LD_RUNPATH_SEARCH_PATHS = "@executable_path/Frameworks";
				"LD_RUNPATH_SEARCH_PATHS[sdk=macosx*]" = "@executable_path/../Frameworks";
				MACOSX_DEPLOYMENT_TARGET = 14.0;
				MARKETING_VERSION = 1.4.2;
				PRODUCT_BUNDLE_IDENTIFIER = "AWS.Amazon-Bedrock-Client-for-Mac";
				PRODUCT_NAME = "Amazon Bedrock";
				PROVISIONING_PROFILE_SPECIFIER = "";
				RUNTIME_EXCEPTION_ALLOW_JIT = YES;
				RUNTIME_EXCEPTION_ALLOW_UNSIGNED_EXECUTABLE_MEMORY = YES;
				RUNTIME_EXCEPTION_DISABLE_LIBRARY_VALIDATION = YES;
				SDKROOT = auto;
				SUPPORTED_PLATFORMS = macosx;
				SWIFT_EMIT_LOC_STRINGS = YES;
				SWIFT_STRICT_CONCURRENCY = minimal;
				SWIFT_VERSION = 6.0;
				TARGETED_DEVICE_FAMILY = "1,2";
			};
			name = Release;
		};
		7907BEBD2ACD87A200C4D500 /* Debug */ = {
			isa = XCBuildConfiguration;
			buildSettings = {
				BUNDLE_LOADER = "$(TEST_HOST)";
				CODE_SIGN_STYLE = Automatic;
				CURRENT_PROJECT_VERSION = 1;
				DEAD_CODE_STRIPPING = YES;
				GENERATE_INFOPLIST_FILE = YES;
				IPHONEOS_DEPLOYMENT_TARGET = 17.0;
				MACOSX_DEPLOYMENT_TARGET = 13.6;
				MARKETING_VERSION = 1.0;
				PRODUCT_BUNDLE_IDENTIFIER = "AWS.Amazon-Bedrock-Client-for-MacTests";
				PRODUCT_NAME = "$(TARGET_NAME)";
				SDKROOT = auto;
				SUPPORTED_PLATFORMS = "iphoneos iphonesimulator macosx";
				SWIFT_EMIT_LOC_STRINGS = NO;
				SWIFT_VERSION = 5.0;
				TARGETED_DEVICE_FAMILY = "1,2";
				TEST_HOST = "$(BUILT_PRODUCTS_DIR)/Amazon Bedrock Client for Mac.app/$(BUNDLE_EXECUTABLE_FOLDER_PATH)/Amazon Bedrock Client for Mac";
			};
			name = Debug;
		};
		7907BEBE2ACD87A200C4D500 /* Release */ = {
			isa = XCBuildConfiguration;
			buildSettings = {
				BUNDLE_LOADER = "$(TEST_HOST)";
				CODE_SIGN_STYLE = Automatic;
				CURRENT_PROJECT_VERSION = 1;
				DEAD_CODE_STRIPPING = YES;
				GENERATE_INFOPLIST_FILE = YES;
				IPHONEOS_DEPLOYMENT_TARGET = 17.0;
				MACOSX_DEPLOYMENT_TARGET = 13.6;
				MARKETING_VERSION = 1.0;
				PRODUCT_BUNDLE_IDENTIFIER = "AWS.Amazon-Bedrock-Client-for-MacTests";
				PRODUCT_NAME = "$(TARGET_NAME)";
				SDKROOT = auto;
				SUPPORTED_PLATFORMS = "iphoneos iphonesimulator macosx";
				SWIFT_EMIT_LOC_STRINGS = NO;
				SWIFT_VERSION = 5.0;
				TARGETED_DEVICE_FAMILY = "1,2";
				TEST_HOST = "$(BUILT_PRODUCTS_DIR)/Amazon Bedrock Client for Mac.app/$(BUNDLE_EXECUTABLE_FOLDER_PATH)/Amazon Bedrock Client for Mac";
			};
			name = Release;
		};
		7907BEC02ACD87A200C4D500 /* Debug */ = {
			isa = XCBuildConfiguration;
			buildSettings = {
				CODE_SIGN_STYLE = Automatic;
				CURRENT_PROJECT_VERSION = 1;
				DEAD_CODE_STRIPPING = YES;
				GENERATE_INFOPLIST_FILE = YES;
				IPHONEOS_DEPLOYMENT_TARGET = 17.0;
				MACOSX_DEPLOYMENT_TARGET = 13.6;
				MARKETING_VERSION = 1.0;
				PRODUCT_BUNDLE_IDENTIFIER = "AWS.Amazon-Bedrock-Client-for-MacUITests";
				PRODUCT_NAME = "$(TARGET_NAME)";
				SDKROOT = auto;
				SUPPORTED_PLATFORMS = "iphoneos iphonesimulator macosx";
				SWIFT_EMIT_LOC_STRINGS = NO;
				SWIFT_VERSION = 5.0;
				TARGETED_DEVICE_FAMILY = "1,2";
				TEST_TARGET_NAME = "Amazon Bedrock Client for Mac";
			};
			name = Debug;
		};
		7907BEC12ACD87A200C4D500 /* Release */ = {
			isa = XCBuildConfiguration;
			buildSettings = {
				CODE_SIGN_STYLE = Automatic;
				CURRENT_PROJECT_VERSION = 1;
				DEAD_CODE_STRIPPING = YES;
				GENERATE_INFOPLIST_FILE = YES;
				IPHONEOS_DEPLOYMENT_TARGET = 17.0;
				MACOSX_DEPLOYMENT_TARGET = 13.6;
				MARKETING_VERSION = 1.0;
				PRODUCT_BUNDLE_IDENTIFIER = "AWS.Amazon-Bedrock-Client-for-MacUITests";
				PRODUCT_NAME = "$(TARGET_NAME)";
				SDKROOT = auto;
				SUPPORTED_PLATFORMS = "iphoneos iphonesimulator macosx";
				SWIFT_EMIT_LOC_STRINGS = NO;
				SWIFT_VERSION = 5.0;
				TARGETED_DEVICE_FAMILY = "1,2";
				TEST_TARGET_NAME = "Amazon Bedrock Client for Mac";
			};
			name = Release;
		};
/* End XCBuildConfiguration section */

/* Begin XCConfigurationList section */
		7907BE8F2ACD87A000C4D500 /* Build configuration list for PBXProject "Amazon Bedrock Client for Mac" */ = {
			isa = XCConfigurationList;
			buildConfigurations = (
				7907BEB72ACD87A200C4D500 /* Debug */,
				7907BEB82ACD87A200C4D500 /* Release */,
			);
			defaultConfigurationIsVisible = 0;
			defaultConfigurationName = Release;
		};
		7907BEB92ACD87A200C4D500 /* Build configuration list for PBXNativeTarget "Amazon Bedrock Client for Mac" */ = {
			isa = XCConfigurationList;
			buildConfigurations = (
				7907BEBA2ACD87A200C4D500 /* Debug */,
				7907BEBB2ACD87A200C4D500 /* Release */,
			);
			defaultConfigurationIsVisible = 0;
			defaultConfigurationName = Release;
		};
		7907BEBC2ACD87A200C4D500 /* Build configuration list for PBXNativeTarget "Amazon Bedrock Client for MacTests" */ = {
			isa = XCConfigurationList;
			buildConfigurations = (
				7907BEBD2ACD87A200C4D500 /* Debug */,
				7907BEBE2ACD87A200C4D500 /* Release */,
			);
			defaultConfigurationIsVisible = 0;
			defaultConfigurationName = Release;
		};
		7907BEBF2ACD87A200C4D500 /* Build configuration list for PBXNativeTarget "Amazon Bedrock Client for MacUITests" */ = {
			isa = XCConfigurationList;
			buildConfigurations = (
				7907BEC02ACD87A200C4D500 /* Debug */,
				7907BEC12ACD87A200C4D500 /* Release */,
			);
			defaultConfigurationIsVisible = 0;
			defaultConfigurationName = Release;
		};
/* End XCConfigurationList section */

/* Begin XCRemoteSwiftPackageReference section */
		792D8E632DDFE55E00BB1C01 /* XCRemoteSwiftPackageReference "swift-sdk" */ = {
			isa = XCRemoteSwiftPackageReference;
			repositoryURL = "https://github.com/modelcontextprotocol/swift-sdk.git";
			requirement = {
				kind = upToNextMajorVersion;
				minimumVersion = 0.8.2;
			};
		};
		798A9CE42AD3AB2E00E9D039 /* XCRemoteSwiftPackageReference "vapor" */ = {
			isa = XCRemoteSwiftPackageReference;
			repositoryURL = "https://github.com/vapor/vapor.git";
			requirement = {
				kind = upToNextMajorVersion;
				minimumVersion = 4.84.4;
			};
		};
		79A305672EB05A2200DAE32F /* XCRemoteSwiftPackageReference "swift-markdownkit" */ = {
			isa = XCRemoteSwiftPackageReference;
			repositoryURL = "https://github.com/objecthub/swift-markdownkit";
			requirement = {
				kind = upToNextMajorVersion;
				minimumVersion = 1.3.0;
			};
		};
		79E59FFC2ACDA88700DC6657 /* XCRemoteSwiftPackageReference "aws-sdk-swift" */ = {
			isa = XCRemoteSwiftPackageReference;
			repositoryURL = "https://github.com/awslabs/aws-sdk-swift";
			requirement = {
				kind = upToNextMajorVersion;
				minimumVersion = 1.2.58;
			};
		};
/* End XCRemoteSwiftPackageReference section */

/* Begin XCSwiftPackageProductDependency section */
		792D8E642DDFE55E00BB1C01 /* MCP */ = {
			isa = XCSwiftPackageProductDependency;
			package = 792D8E632DDFE55E00BB1C01 /* XCRemoteSwiftPackageReference "swift-sdk" */;
			productName = MCP;
		};
		798A9CE52AD3AB2E00E9D039 /* Vapor */ = {
			isa = XCSwiftPackageProductDependency;
			package = 798A9CE42AD3AB2E00E9D039 /* XCRemoteSwiftPackageReference "vapor" */;
			productName = Vapor;
		};
		79A305682EB05A2200DAE32F /* MarkdownKit */ = {
			isa = XCSwiftPackageProductDependency;
			package = 79A305672EB05A2200DAE32F /* XCRemoteSwiftPackageReference "swift-markdownkit" */;
			productName = MarkdownKit;
		};
		79AC78972C31691800BD6FB1 /* AWSSSO */ = {
			isa = XCSwiftPackageProductDependency;
			package = 79E59FFC2ACDA88700DC6657 /* XCRemoteSwiftPackageReference "aws-sdk-swift" */;
			productName = AWSSSO;
		};
		79AC78992C31691800BD6FB1 /* AWSSSOOIDC */ = {
			isa = XCSwiftPackageProductDependency;
			package = 79E59FFC2ACDA88700DC6657 /* XCRemoteSwiftPackageReference "aws-sdk-swift" */;
			productName = AWSSSOOIDC;
		};
		79E0AC5C2D63EE4F0041829A /* AWSTranscribeStreaming */ = {
			isa = XCSwiftPackageProductDependency;
			package = 79E59FFC2ACDA88700DC6657 /* XCRemoteSwiftPackageReference "aws-sdk-swift" */;
			productName = AWSTranscribeStreaming;
		};
		79E59FFD2ACDA88700DC6657 /* AWSBedrock */ = {
			isa = XCSwiftPackageProductDependency;
			package = 79E59FFC2ACDA88700DC6657 /* XCRemoteSwiftPackageReference "aws-sdk-swift" */;
			productName = AWSBedrock;
		};
		79E59FFF2ACDA88700DC6657 /* AWSBedrockRuntime */ = {
			isa = XCSwiftPackageProductDependency;
			package = 79E59FFC2ACDA88700DC6657 /* XCRemoteSwiftPackageReference "aws-sdk-swift" */;
			productName = AWSBedrockRuntime;
		};
/* End XCSwiftPackageProductDependency section */

/* Begin XCVersionGroup section */
		797A12BD2C2EB53800494DD9 /* ChatModel.xcdatamodeld */ = {
			isa = XCVersionGroup;
			children = (
				797A12BE2C2EB53800494DD9 /* ChatModel.xcdatamodel */,
			);
			currentVersion = 797A12BE2C2EB53800494DD9 /* ChatModel.xcdatamodel */;
			path = ChatModel.xcdatamodeld;
			sourceTree = "<group>";
			versionGroupType = wrapper.xcdatamodel;
		};
/* End XCVersionGroup section */
	};
	rootObject = 7907BE8C2ACD87A000C4D500 /* Project object */;
}
