// !$*UTF8*$!
{
	archiveVersion = 1;
	classes = {
	};
	objectVersion = 56;
	objects = {

/* Begin PBXBuildFile section */
		7907BEAA2ACD87A200C4D500 /* Amazon_Bedrock_Client_for_MacTests.swift in Sources */ = {isa = PBXBuildFile; fileRef = 7907BEA92ACD87A200C4D500 /* Amazon_Bedrock_Client_for_MacTests.swift */; };
		7907BEB42ACD87A200C4D500 /* Amazon_Bedrock_Client_for_MacUITests.swift in Sources */ = {isa = PBXBuildFile; fileRef = 7907BEB32ACD87A200C4D500 /* Amazon_Bedrock_Client_for_MacUITests.swift */; };
		7907BEB62ACD87A200C4D500 /* Amazon_Bedrock_Client_for_MacUITestsLaunchTests.swift in Sources */ = {isa = PBXBuildFile; fileRef = 7907BEB52ACD87A200C4D500 /* Amazon_Bedrock_Client_for_MacUITestsLaunchTests.swift */; };
		79320FC92B469BAE0074090A /* ChatModelSnapshot.swift in Sources */ = {isa = PBXBuildFile; fileRef = 79320FC82B469BAE0074090A /* ChatModelSnapshot.swift */; };
		7937953D2B46CAF1000C94A5 /* UpdateManager.swift in Sources */ = {isa = PBXBuildFile; fileRef = 7937953C2B46CAF1000C94A5 /* UpdateManager.swift */; };
		7954F8432AD247CC008B03D3 /* AWSRegion.swift in Sources */ = {isa = PBXBuildFile; fileRef = 7954F8422AD247CC008B03D3 /* AWSRegion.swift */; };
		7954F8452AD247DF008B03D3 /* SettingsView.swift in Sources */ = {isa = PBXBuildFile; fileRef = 7954F8442AD247DF008B03D3 /* SettingsView.swift */; };
		7954F8472AD249A7008B03D3 /* SettingManager.swift in Sources */ = {isa = PBXBuildFile; fileRef = 7954F8462AD249A7008B03D3 /* SettingManager.swift */; };
		79610D802AD2290300993D09 /* troubleshooting-3.png in Resources */ = {isa = PBXBuildFile; fileRef = 79610D782AD2290200993D09 /* troubleshooting-3.png */; };
		79610D812AD2290300993D09 /* troubleshooting-2.png in Resources */ = {isa = PBXBuildFile; fileRef = 79610D792AD2290200993D09 /* troubleshooting-2.png */; };
		79610D822AD2290300993D09 /* troubleshooting-1.png in Resources */ = {isa = PBXBuildFile; fileRef = 79610D7A2AD2290200993D09 /* troubleshooting-1.png */; };
		79610D832AD2290300993D09 /* troubleshooting-4.png in Resources */ = {isa = PBXBuildFile; fileRef = 79610D7B2AD2290200993D09 /* troubleshooting-4.png */; };
		79610D842AD2290300993D09 /* image4.jpg in Resources */ = {isa = PBXBuildFile; fileRef = 79610D7C2AD2290200993D09 /* image4.jpg */; };
		79610D852AD2290300993D09 /* image1.jpg in Resources */ = {isa = PBXBuildFile; fileRef = 79610D7D2AD2290200993D09 /* image1.jpg */; };
		79610D862AD2290300993D09 /* image2.jpg in Resources */ = {isa = PBXBuildFile; fileRef = 79610D7E2AD2290200993D09 /* image2.jpg */; };
		79610D872AD2290300993D09 /* image3.jpg in Resources */ = {isa = PBXBuildFile; fileRef = 79610D7F2AD2290200993D09 /* image3.jpg */; };
		79610DD72AD22A2F00993D09 /* SidebarSelection.swift in Sources */ = {isa = PBXBuildFile; fileRef = 79610DBD2AD22A2F00993D09 /* SidebarSelection.swift */; };
		79610DD82AD22A2F00993D09 /* Amazon_Bedrock_Client_for_MacApp.swift in Sources */ = {isa = PBXBuildFile; fileRef = 79610DBE2AD22A2F00993D09 /* Amazon_Bedrock_Client_for_MacApp.swift */; };
		79610DDA2AD22A2F00993D09 /* BedrockClient.swift in Sources */ = {isa = PBXBuildFile; fileRef = 79610DC12AD22A2F00993D09 /* BedrockClient.swift */; };
		79610DDB2AD22A2F00993D09 /* Assets.xcassets in Resources */ = {isa = PBXBuildFile; fileRef = 79610DC22AD22A2F00993D09 /* Assets.xcassets */; };
		79610DDD2AD22A2F00993D09 /* TextOutputFormat.swift in Sources */ = {isa = PBXBuildFile; fileRef = 79610DC52AD22A2F00993D09 /* TextOutputFormat.swift */; };
		79610DDE2AD22A2F00993D09 /* SplashCodeSyntaxHighlighter.swift in Sources */ = {isa = PBXBuildFile; fileRef = 79610DC62AD22A2F00993D09 /* SplashCodeSyntaxHighlighter.swift */; };
		79610DDF2AD22A2F00993D09 /* GithubTheme.swift in Sources */ = {isa = PBXBuildFile; fileRef = 79610DC72AD22A2F00993D09 /* GithubTheme.swift */; };
		79610DE02AD22A2F00993D09 /* FirstResponderTextField.swift in Sources */ = {isa = PBXBuildFile; fileRef = 79610DC82AD22A2F00993D09 /* FirstResponderTextField.swift */; };
		79610DE12AD22A2F00993D09 /* ChatModel.swift in Sources */ = {isa = PBXBuildFile; fileRef = 79610DCA2AD22A2F00993D09 /* ChatModel.swift */; };
		79610DE22AD22A2F00993D09 /* MessageData.swift in Sources */ = {isa = PBXBuildFile; fileRef = 79610DCB2AD22A2F00993D09 /* MessageData.swift */; };
		79610DE32AD22A2F00993D09 /* ReadmeViewModel.swift in Sources */ = {isa = PBXBuildFile; fileRef = 79610DCC2AD22A2F00993D09 /* ReadmeViewModel.swift */; };
		79610DE42AD22A2F00993D09 /* Preview Assets.xcassets in Resources */ = {isa = PBXBuildFile; fileRef = 79610DCE2AD22A2F00993D09 /* Preview Assets.xcassets */; };
		79610DE52AD22A2F00993D09 /* MessageBarView.swift in Sources */ = {isa = PBXBuildFile; fileRef = 79610DD02AD22A2F00993D09 /* MessageBarView.swift */; };
		79610DE62AD22A2F00993D09 /* HomeView.swift in Sources */ = {isa = PBXBuildFile; fileRef = 79610DD12AD22A2F00993D09 /* HomeView.swift */; };
		79610DE82AD22A2F00993D09 /* SidebarView.swift in Sources */ = {isa = PBXBuildFile; fileRef = 79610DD32AD22A2F00993D09 /* SidebarView.swift */; };
		79610DE92AD22A2F00993D09 /* MainContentView.swift in Sources */ = {isa = PBXBuildFile; fileRef = 79610DD42AD22A2F00993D09 /* MainContentView.swift */; };
		79610DEA2AD22A2F00993D09 /* ContentView.swift in Sources */ = {isa = PBXBuildFile; fileRef = 79610DD52AD22A2F00993D09 /* ContentView.swift */; };
		79610DEB2AD22A2F00993D09 /* MessageView.swift in Sources */ = {isa = PBXBuildFile; fileRef = 79610DD62AD22A2F00993D09 /* MessageView.swift */; };
		79610DED2AD230A200993D09 /* ChatView.swift in Sources */ = {isa = PBXBuildFile; fileRef = 79610DEC2AD230A200993D09 /* ChatView.swift */; };
		798A9CE62AD3AB2E00E9D039 /* Vapor in Frameworks */ = {isa = PBXBuildFile; productRef = 798A9CE52AD3AB2E00E9D039 /* Vapor */; };
		798A9CE82AD3AB4300E9D039 /* LocalHostServer.swift in Sources */ = {isa = PBXBuildFile; fileRef = 798A9CE72AD3AB4300E9D039 /* LocalHostServer.swift */; };
		79AFC17E2AD23B4800A75ED3 /* ToggleSidebar.swift in Sources */ = {isa = PBXBuildFile; fileRef = 79AFC17D2AD23B4800A75ED3 /* ToggleSidebar.swift */; };
		79BF645F2ACFF8FD00383300 /* README.md in Resources */ = {isa = PBXBuildFile; fileRef = 79BF645E2ACFF8FD00383300 /* README.md */; };
		79BF64652AD002F600383300 /* bedrock.png in Resources */ = {isa = PBXBuildFile; fileRef = 79BF64642AD002F600383300 /* bedrock.png */; };
		79BFF5102AD342710057BF3A /* ChatManager.swift in Sources */ = {isa = PBXBuildFile; fileRef = 79BFF50F2AD342710057BF3A /* ChatManager.swift */; };
		79C7F5ED2AD282EE008FBB35 /* EnvironmentExtensions.swift in Sources */ = {isa = PBXBuildFile; fileRef = 79C7F5EC2AD282EE008FBB35 /* EnvironmentExtensions.swift */; };
		79E59FFE2ACDA88700DC6657 /* AWSBedrock in Frameworks */ = {isa = PBXBuildFile; productRef = 79E59FFD2ACDA88700DC6657 /* AWSBedrock */; };
		79E5A0002ACDA88700DC6657 /* AWSBedrockRuntime in Frameworks */ = {isa = PBXBuildFile; productRef = 79E59FFF2ACDA88700DC6657 /* AWSBedrockRuntime */; };
		79E5A0022ACDA88700DC6657 /* AWSSTS in Frameworks */ = {isa = PBXBuildFile; productRef = 79E5A0012ACDA88700DC6657 /* AWSSTS */; };
		79E5A0082ACFB81700DC6657 /* MarkdownUI in Frameworks */ = {isa = PBXBuildFile; productRef = 79E5A0072ACFB81700DC6657 /* MarkdownUI */; };
		79E63E1F2AD1F11B00C0880A /* Splash in Frameworks */ = {isa = PBXBuildFile; productRef = 79E63E1E2AD1F11B00C0880A /* Splash */; };
		79E63E212AD1F11B00C0880A /* SplashHTMLGen in Frameworks */ = {isa = PBXBuildFile; productRef = 79E63E202AD1F11B00C0880A /* SplashHTMLGen */; };
		79E63E252AD1F11B00C0880A /* SplashMarkdown in Frameworks */ = {isa = PBXBuildFile; productRef = 79E63E242AD1F11B00C0880A /* SplashMarkdown */; };
		79E63E272AD1F11B00C0880A /* SplashTokenizer in Frameworks */ = {isa = PBXBuildFile; productRef = 79E63E262AD1F11B00C0880A /* SplashTokenizer */; };
/* End PBXBuildFile section */

/* Begin PBXContainerItemProxy section */
		7907BEA62ACD87A200C4D500 /* PBXContainerItemProxy */ = {
			isa = PBXContainerItemProxy;
			containerPortal = 7907BE8C2ACD87A000C4D500 /* Project object */;
			proxyType = 1;
			remoteGlobalIDString = 7907BE932ACD87A000C4D500;
			remoteInfo = "Amazon Bedrock Client for Mac";
		};
		7907BEB02ACD87A200C4D500 /* PBXContainerItemProxy */ = {
			isa = PBXContainerItemProxy;
			containerPortal = 7907BE8C2ACD87A000C4D500 /* Project object */;
			proxyType = 1;
			remoteGlobalIDString = 7907BE932ACD87A000C4D500;
			remoteInfo = "Amazon Bedrock Client for Mac";
		};
/* End PBXContainerItemProxy section */

/* Begin PBXFileReference section */
		7907BE942ACD87A100C4D500 /* Amazon Bedrock Debug.app */ = {isa = PBXFileReference; explicitFileType = wrapper.application; includeInIndex = 0; path = "Amazon Bedrock Debug.app"; sourceTree = BUILT_PRODUCTS_DIR; };
		7907BEA52ACD87A200C4D500 /* Amazon Bedrock Client for MacTests.xctest */ = {isa = PBXFileReference; explicitFileType = wrapper.cfbundle; includeInIndex = 0; path = "Amazon Bedrock Client for MacTests.xctest"; sourceTree = BUILT_PRODUCTS_DIR; };
		7907BEA92ACD87A200C4D500 /* Amazon_Bedrock_Client_for_MacTests.swift */ = {isa = PBXFileReference; lastKnownFileType = sourcecode.swift; path = Amazon_Bedrock_Client_for_MacTests.swift; sourceTree = "<group>"; };
		7907BEAF2ACD87A200C4D500 /* Amazon Bedrock Client for MacUITests.xctest */ = {isa = PBXFileReference; explicitFileType = wrapper.cfbundle; includeInIndex = 0; path = "Amazon Bedrock Client for MacUITests.xctest"; sourceTree = BUILT_PRODUCTS_DIR; };
		7907BEB32ACD87A200C4D500 /* Amazon_Bedrock_Client_for_MacUITests.swift */ = {isa = PBXFileReference; lastKnownFileType = sourcecode.swift; path = Amazon_Bedrock_Client_for_MacUITests.swift; sourceTree = "<group>"; };
		7907BEB52ACD87A200C4D500 /* Amazon_Bedrock_Client_for_MacUITestsLaunchTests.swift */ = {isa = PBXFileReference; lastKnownFileType = sourcecode.swift; path = Amazon_Bedrock_Client_for_MacUITestsLaunchTests.swift; sourceTree = "<group>"; };
		791461202AD0E51B00C454DC /* LICENSE */ = {isa = PBXFileReference; lastKnownFileType = text; path = LICENSE; sourceTree = "<group>"; };
		79320FC82B469BAE0074090A /* ChatModelSnapshot.swift */ = {isa = PBXFileReference; lastKnownFileType = sourcecode.swift; path = ChatModelSnapshot.swift; sourceTree = "<group>"; };
		7937953C2B46CAF1000C94A5 /* UpdateManager.swift */ = {isa = PBXFileReference; lastKnownFileType = sourcecode.swift; path = UpdateManager.swift; sourceTree = "<group>"; };
		7954F8422AD247CC008B03D3 /* AWSRegion.swift */ = {isa = PBXFileReference; lastKnownFileType = sourcecode.swift; path = AWSRegion.swift; sourceTree = "<group>"; };
		7954F8442AD247DF008B03D3 /* SettingsView.swift */ = {isa = PBXFileReference; lastKnownFileType = sourcecode.swift; path = SettingsView.swift; sourceTree = "<group>"; };
		7954F8462AD249A7008B03D3 /* SettingManager.swift */ = {isa = PBXFileReference; lastKnownFileType = sourcecode.swift; path = SettingManager.swift; sourceTree = "<group>"; };
		79610D782AD2290200993D09 /* troubleshooting-3.png */ = {isa = PBXFileReference; lastKnownFileType = image.png; path = "troubleshooting-3.png"; sourceTree = "<group>"; };
		79610D792AD2290200993D09 /* troubleshooting-2.png */ = {isa = PBXFileReference; lastKnownFileType = image.png; path = "troubleshooting-2.png"; sourceTree = "<group>"; };
		79610D7A2AD2290200993D09 /* troubleshooting-1.png */ = {isa = PBXFileReference; lastKnownFileType = image.png; path = "troubleshooting-1.png"; sourceTree = "<group>"; };
		79610D7B2AD2290200993D09 /* troubleshooting-4.png */ = {isa = PBXFileReference; lastKnownFileType = image.png; path = "troubleshooting-4.png"; sourceTree = "<group>"; };
		79610D7C2AD2290200993D09 /* image4.jpg */ = {isa = PBXFileReference; lastKnownFileType = image.jpeg; path = image4.jpg; sourceTree = "<group>"; };
		79610D7D2AD2290200993D09 /* image1.jpg */ = {isa = PBXFileReference; lastKnownFileType = image.jpeg; path = image1.jpg; sourceTree = "<group>"; };
		79610D7E2AD2290200993D09 /* image2.jpg */ = {isa = PBXFileReference; lastKnownFileType = image.jpeg; path = image2.jpg; sourceTree = "<group>"; };
		79610D7F2AD2290200993D09 /* image3.jpg */ = {isa = PBXFileReference; lastKnownFileType = image.jpeg; path = image3.jpg; sourceTree = "<group>"; };
		79610DBC2AD22A2F00993D09 /* Amazon_Bedrock_Client_for_Mac.entitlements */ = {isa = PBXFileReference; fileEncoding = 4; lastKnownFileType = text.plist.entitlements; path = Amazon_Bedrock_Client_for_Mac.entitlements; sourceTree = "<group>"; };
		79610DBD2AD22A2F00993D09 /* SidebarSelection.swift */ = {isa = PBXFileReference; fileEncoding = 4; lastKnownFileType = sourcecode.swift; path = SidebarSelection.swift; sourceTree = "<group>"; };
		79610DBE2AD22A2F00993D09 /* Amazon_Bedrock_Client_for_MacApp.swift */ = {isa = PBXFileReference; fileEncoding = 4; lastKnownFileType = sourcecode.swift; path = Amazon_Bedrock_Client_for_MacApp.swift; sourceTree = "<group>"; };
		79610DC12AD22A2F00993D09 /* BedrockClient.swift */ = {isa = PBXFileReference; fileEncoding = 4; lastKnownFileType = sourcecode.swift; path = BedrockClient.swift; sourceTree = "<group>"; };
		79610DC22AD22A2F00993D09 /* Assets.xcassets */ = {isa = PBXFileReference; lastKnownFileType = folder.assetcatalog; path = Assets.xcassets; sourceTree = "<group>"; };
		79610DC52AD22A2F00993D09 /* TextOutputFormat.swift */ = {isa = PBXFileReference; fileEncoding = 4; lastKnownFileType = sourcecode.swift; path = TextOutputFormat.swift; sourceTree = "<group>"; };
		79610DC62AD22A2F00993D09 /* SplashCodeSyntaxHighlighter.swift */ = {isa = PBXFileReference; fileEncoding = 4; lastKnownFileType = sourcecode.swift; path = SplashCodeSyntaxHighlighter.swift; sourceTree = "<group>"; };
		79610DC72AD22A2F00993D09 /* GithubTheme.swift */ = {isa = PBXFileReference; fileEncoding = 4; lastKnownFileType = sourcecode.swift; path = GithubTheme.swift; sourceTree = "<group>"; };
		79610DC82AD22A2F00993D09 /* FirstResponderTextField.swift */ = {isa = PBXFileReference; fileEncoding = 4; lastKnownFileType = sourcecode.swift; path = FirstResponderTextField.swift; sourceTree = "<group>"; };
		79610DCA2AD22A2F00993D09 /* ChatModel.swift */ = {isa = PBXFileReference; fileEncoding = 4; lastKnownFileType = sourcecode.swift; path = ChatModel.swift; sourceTree = "<group>"; };
		79610DCB2AD22A2F00993D09 /* MessageData.swift */ = {isa = PBXFileReference; fileEncoding = 4; lastKnownFileType = sourcecode.swift; path = MessageData.swift; sourceTree = "<group>"; };
		79610DCC2AD22A2F00993D09 /* ReadmeViewModel.swift */ = {isa = PBXFileReference; fileEncoding = 4; lastKnownFileType = sourcecode.swift; path = ReadmeViewModel.swift; sourceTree = "<group>"; };
		79610DCE2AD22A2F00993D09 /* Preview Assets.xcassets */ = {isa = PBXFileReference; lastKnownFileType = folder.assetcatalog; path = "Preview Assets.xcassets"; sourceTree = "<group>"; };
		79610DD02AD22A2F00993D09 /* MessageBarView.swift */ = {isa = PBXFileReference; fileEncoding = 4; lastKnownFileType = sourcecode.swift; path = MessageBarView.swift; sourceTree = "<group>"; };
		79610DD12AD22A2F00993D09 /* HomeView.swift */ = {isa = PBXFileReference; fileEncoding = 4; lastKnownFileType = sourcecode.swift; path = HomeView.swift; sourceTree = "<group>"; };
		79610DD32AD22A2F00993D09 /* SidebarView.swift */ = {isa = PBXFileReference; fileEncoding = 4; lastKnownFileType = sourcecode.swift; path = SidebarView.swift; sourceTree = "<group>"; };
		79610DD42AD22A2F00993D09 /* MainContentView.swift */ = {isa = PBXFileReference; fileEncoding = 4; lastKnownFileType = sourcecode.swift; path = MainContentView.swift; sourceTree = "<group>"; };
		79610DD52AD22A2F00993D09 /* ContentView.swift */ = {isa = PBXFileReference; fileEncoding = 4; lastKnownFileType = sourcecode.swift; path = ContentView.swift; sourceTree = "<group>"; };
		79610DD62AD22A2F00993D09 /* MessageView.swift */ = {isa = PBXFileReference; fileEncoding = 4; lastKnownFileType = sourcecode.swift; path = MessageView.swift; sourceTree = "<group>"; };
		79610DEC2AD230A200993D09 /* ChatView.swift */ = {isa = PBXFileReference; lastKnownFileType = sourcecode.swift; path = ChatView.swift; sourceTree = "<group>"; };
		798A9CE72AD3AB4300E9D039 /* LocalHostServer.swift */ = {isa = PBXFileReference; lastKnownFileType = sourcecode.swift; path = LocalHostServer.swift; sourceTree = "<group>"; };
		79AFC17D2AD23B4800A75ED3 /* ToggleSidebar.swift */ = {isa = PBXFileReference; lastKnownFileType = sourcecode.swift; path = ToggleSidebar.swift; sourceTree = "<group>"; };
		79BF645E2ACFF8FD00383300 /* README.md */ = {isa = PBXFileReference; lastKnownFileType = net.daringfireball.markdown; path = README.md; sourceTree = "<group>"; };
		79BF64642AD002F600383300 /* bedrock.png */ = {isa = PBXFileReference; lastKnownFileType = image.png; path = bedrock.png; sourceTree = "<group>"; };
		79BFF50F2AD342710057BF3A /* ChatManager.swift */ = {isa = PBXFileReference; lastKnownFileType = sourcecode.swift; path = ChatManager.swift; sourceTree = "<group>"; };
		79C7F5EC2AD282EE008FBB35 /* EnvironmentExtensions.swift */ = {isa = PBXFileReference; lastKnownFileType = sourcecode.swift; path = EnvironmentExtensions.swift; sourceTree = "<group>"; };
/* End PBXFileReference section */

/* Begin PBXFrameworksBuildPhase section */
		7907BE912ACD87A000C4D500 /* Frameworks */ = {
			isa = PBXFrameworksBuildPhase;
			buildActionMask = 2147483647;
			files = (
				79E63E1F2AD1F11B00C0880A /* Splash in Frameworks */,
				79E5A0022ACDA88700DC6657 /* AWSSTS in Frameworks */,
				79E63E272AD1F11B00C0880A /* SplashTokenizer in Frameworks */,
				798A9CE62AD3AB2E00E9D039 /* Vapor in Frameworks */,
				79E5A0002ACDA88700DC6657 /* AWSBedrockRuntime in Frameworks */,
				79E63E252AD1F11B00C0880A /* SplashMarkdown in Frameworks */,
				79E63E212AD1F11B00C0880A /* SplashHTMLGen in Frameworks */,
				79E59FFE2ACDA88700DC6657 /* AWSBedrock in Frameworks */,
				79E5A0082ACFB81700DC6657 /* MarkdownUI in Frameworks */,
			);
			runOnlyForDeploymentPostprocessing = 0;
		};
		7907BEA22ACD87A200C4D500 /* Frameworks */ = {
			isa = PBXFrameworksBuildPhase;
			buildActionMask = 2147483647;
			files = (
			);
			runOnlyForDeploymentPostprocessing = 0;
		};
		7907BEAC2ACD87A200C4D500 /* Frameworks */ = {
			isa = PBXFrameworksBuildPhase;
			buildActionMask = 2147483647;
			files = (
			);
			runOnlyForDeploymentPostprocessing = 0;
		};
/* End PBXFrameworksBuildPhase section */

/* Begin PBXGroup section */
		7907BE8B2ACD87A000C4D500 = {
			isa = PBXGroup;
			children = (
				79610D772AD2290200993D09 /* assets */,
				791461202AD0E51B00C454DC /* LICENSE */,
				79BF645E2ACFF8FD00383300 /* README.md */,
				79BF64642AD002F600383300 /* bedrock.png */,
				79610DBA2AD22A2F00993D09 /* Amazon Bedrock Client for Mac */,
				7907BEA82ACD87A200C4D500 /* Amazon Bedrock Client for MacTests */,
				7907BEB22ACD87A200C4D500 /* Amazon Bedrock Client for MacUITests */,
				7907BE952ACD87A100C4D500 /* Products */,
			);
			sourceTree = "<group>";
		};
		7907BE952ACD87A100C4D500 /* Products */ = {
			isa = PBXGroup;
			children = (
				7907BE942ACD87A100C4D500 /* Amazon Bedrock Debug.app */,
				7907BEA52ACD87A200C4D500 /* Amazon Bedrock Client for MacTests.xctest */,
				7907BEAF2ACD87A200C4D500 /* Amazon Bedrock Client for MacUITests.xctest */,
			);
			name = Products;
			sourceTree = "<group>";
		};
		7907BEA82ACD87A200C4D500 /* Amazon Bedrock Client for MacTests */ = {
			isa = PBXGroup;
			children = (
				7907BEA92ACD87A200C4D500 /* Amazon_Bedrock_Client_for_MacTests.swift */,
			);
			path = "Amazon Bedrock Client for MacTests";
			sourceTree = "<group>";
		};
		7907BEB22ACD87A200C4D500 /* Amazon Bedrock Client for MacUITests */ = {
			isa = PBXGroup;
			children = (
				7907BEB32ACD87A200C4D500 /* Amazon_Bedrock_Client_for_MacUITests.swift */,
				7907BEB52ACD87A200C4D500 /* Amazon_Bedrock_Client_for_MacUITestsLaunchTests.swift */,
			);
			path = "Amazon Bedrock Client for MacUITests";
			sourceTree = "<group>";
		};
		79610D772AD2290200993D09 /* assets */ = {
			isa = PBXGroup;
			children = (
				79610D782AD2290200993D09 /* troubleshooting-3.png */,
				79610D792AD2290200993D09 /* troubleshooting-2.png */,
				79610D7A2AD2290200993D09 /* troubleshooting-1.png */,
				79610D7B2AD2290200993D09 /* troubleshooting-4.png */,
				79610D7C2AD2290200993D09 /* image4.jpg */,
				79610D7D2AD2290200993D09 /* image1.jpg */,
				79610D7E2AD2290200993D09 /* image2.jpg */,
				79610D7F2AD2290200993D09 /* image3.jpg */,
			);
			path = assets;
			sourceTree = SOURCE_ROOT;
		};
		79610DBA2AD22A2F00993D09 /* Amazon Bedrock Client for Mac */ = {
			isa = PBXGroup;
			children = (
				79610DC22AD22A2F00993D09 /* Assets.xcassets */,
				79610DCD2AD22A2F00993D09 /* Preview Content */,
				79610DBB2AD22A2F00993D09 /* Core */,
				79610DBF2AD22A2F00993D09 /* Managers */,
				79610DC92AD22A2F00993D09 /* Models */,
				79610DC32AD22A2F00993D09 /* Utils */,
				79610DCF2AD22A2F00993D09 /* Views */,
			);
			path = "Amazon Bedrock Client for Mac";
			sourceTree = "<group>";
		};
		79610DBB2AD22A2F00993D09 /* Core */ = {
			isa = PBXGroup;
			children = (
				79610DBC2AD22A2F00993D09 /* Amazon_Bedrock_Client_for_Mac.entitlements */,
				79610DBD2AD22A2F00993D09 /* SidebarSelection.swift */,
				79610DBE2AD22A2F00993D09 /* Amazon_Bedrock_Client_for_MacApp.swift */,
			);
			path = Core;
			sourceTree = "<group>";
		};
		79610DBF2AD22A2F00993D09 /* Managers */ = {
			isa = PBXGroup;
			children = (
				79610DC12AD22A2F00993D09 /* BedrockClient.swift */,
				7954F8462AD249A7008B03D3 /* SettingManager.swift */,
				79BFF50F2AD342710057BF3A /* ChatManager.swift */,
				7937953C2B46CAF1000C94A5 /* UpdateManager.swift */,
			);
			path = Managers;
			sourceTree = "<group>";
		};
		79610DC32AD22A2F00993D09 /* Utils */ = {
			isa = PBXGroup;
			children = (
				79610DC82AD22A2F00993D09 /* FirstResponderTextField.swift */,
				79610DC72AD22A2F00993D09 /* GithubTheme.swift */,
				79610DC62AD22A2F00993D09 /* SplashCodeSyntaxHighlighter.swift */,
				79610DC52AD22A2F00993D09 /* TextOutputFormat.swift */,
				79AFC17D2AD23B4800A75ED3 /* ToggleSidebar.swift */,
				79C7F5EC2AD282EE008FBB35 /* EnvironmentExtensions.swift */,
				798A9CE72AD3AB4300E9D039 /* LocalHostServer.swift */,
			);
			path = Utils;
			sourceTree = "<group>";
		};
		79610DC92AD22A2F00993D09 /* Models */ = {
			isa = PBXGroup;
			children = (
				79610DCA2AD22A2F00993D09 /* ChatModel.swift */,
				79610DCB2AD22A2F00993D09 /* MessageData.swift */,
				79610DCC2AD22A2F00993D09 /* ReadmeViewModel.swift */,
				7954F8422AD247CC008B03D3 /* AWSRegion.swift */,
				79320FC82B469BAE0074090A /* ChatModelSnapshot.swift */,
			);
			path = Models;
			sourceTree = "<group>";
		};
		79610DCD2AD22A2F00993D09 /* Preview Content */ = {
			isa = PBXGroup;
			children = (
				79610DCE2AD22A2F00993D09 /* Preview Assets.xcassets */,
			);
			path = "Preview Content";
			sourceTree = "<group>";
		};
		79610DCF2AD22A2F00993D09 /* Views */ = {
			isa = PBXGroup;
			children = (
				79610DD52AD22A2F00993D09 /* ContentView.swift */,
				79610DD32AD22A2F00993D09 /* SidebarView.swift */,
				79610DD42AD22A2F00993D09 /* MainContentView.swift */,
				79610DD12AD22A2F00993D09 /* HomeView.swift */,
				79610DEC2AD230A200993D09 /* ChatView.swift */,
				79610DD02AD22A2F00993D09 /* MessageBarView.swift */,
				79610DD62AD22A2F00993D09 /* MessageView.swift */,
				7954F8442AD247DF008B03D3 /* SettingsView.swift */,
			);
			path = Views;
			sourceTree = "<group>";
		};
/* End PBXGroup section */

/* Begin PBXNativeTarget section */
		7907BE932ACD87A000C4D500 /* Amazon Bedrock Client for Mac */ = {
			isa = PBXNativeTarget;
			buildConfigurationList = 7907BEB92ACD87A200C4D500 /* Build configuration list for PBXNativeTarget "Amazon Bedrock Client for Mac" */;
			buildPhases = (
				7907BE902ACD87A000C4D500 /* Sources */,
				7907BE912ACD87A000C4D500 /* Frameworks */,
				7907BE922ACD87A000C4D500 /* Resources */,
			);
			buildRules = (
			);
			dependencies = (
			);
			name = "Amazon Bedrock Client for Mac";
			packageProductDependencies = (
				79E59FFD2ACDA88700DC6657 /* AWSBedrock */,
				79E59FFF2ACDA88700DC6657 /* AWSBedrockRuntime */,
				79E5A0012ACDA88700DC6657 /* AWSSTS */,
				79E5A0072ACFB81700DC6657 /* MarkdownUI */,
				79E63E1E2AD1F11B00C0880A /* Splash */,
				79E63E202AD1F11B00C0880A /* SplashHTMLGen */,
				79E63E242AD1F11B00C0880A /* SplashMarkdown */,
				79E63E262AD1F11B00C0880A /* SplashTokenizer */,
				798A9CE52AD3AB2E00E9D039 /* Vapor */,
			);
			productName = "Amazon Bedrock Client for Mac";
			productReference = 7907BE942ACD87A100C4D500 /* Amazon Bedrock Debug.app */;
			productType = "com.apple.product-type.application";
		};
		7907BEA42ACD87A200C4D500 /* Amazon Bedrock Client for MacTests */ = {
			isa = PBXNativeTarget;
			buildConfigurationList = 7907BEBC2ACD87A200C4D500 /* Build configuration list for PBXNativeTarget "Amazon Bedrock Client for MacTests" */;
			buildPhases = (
				7907BEA12ACD87A200C4D500 /* Sources */,
				7907BEA22ACD87A200C4D500 /* Frameworks */,
				7907BEA32ACD87A200C4D500 /* Resources */,
			);
			buildRules = (
			);
			dependencies = (
				7907BEA72ACD87A200C4D500 /* PBXTargetDependency */,
			);
			name = "Amazon Bedrock Client for MacTests";
			productName = "Amazon Bedrock Client for MacTests";
			productReference = 7907BEA52ACD87A200C4D500 /* Amazon Bedrock Client for MacTests.xctest */;
			productType = "com.apple.product-type.bundle.unit-test";
		};
		7907BEAE2ACD87A200C4D500 /* Amazon Bedrock Client for MacUITests */ = {
			isa = PBXNativeTarget;
			buildConfigurationList = 7907BEBF2ACD87A200C4D500 /* Build configuration list for PBXNativeTarget "Amazon Bedrock Client for MacUITests" */;
			buildPhases = (
				7907BEAB2ACD87A200C4D500 /* Sources */,
				7907BEAC2ACD87A200C4D500 /* Frameworks */,
				7907BEAD2ACD87A200C4D500 /* Resources */,
			);
			buildRules = (
			);
			dependencies = (
				7907BEB12ACD87A200C4D500 /* PBXTargetDependency */,
			);
			name = "Amazon Bedrock Client for MacUITests";
			productName = "Amazon Bedrock Client for MacUITests";
			productReference = 7907BEAF2ACD87A200C4D500 /* Amazon Bedrock Client for MacUITests.xctest */;
			productType = "com.apple.product-type.bundle.ui-testing";
		};
/* End PBXNativeTarget section */

/* Begin PBXProject section */
		7907BE8C2ACD87A000C4D500 /* Project object */ = {
			isa = PBXProject;
			attributes = {
				BuildIndependentTargetsInParallel = 1;
				LastSwiftUpdateCheck = 1500;
				LastUpgradeCheck = 1500;
				TargetAttributes = {
					7907BE932ACD87A000C4D500 = {
						CreatedOnToolsVersion = 15.0;
					};
					7907BEA42ACD87A200C4D500 = {
						CreatedOnToolsVersion = 15.0;
						TestTargetID = 7907BE932ACD87A000C4D500;
					};
					7907BEAE2ACD87A200C4D500 = {
						CreatedOnToolsVersion = 15.0;
						TestTargetID = 7907BE932ACD87A000C4D500;
					};
				};
			};
			buildConfigurationList = 7907BE8F2ACD87A000C4D500 /* Build configuration list for PBXProject "Amazon Bedrock Client for Mac" */;
			compatibilityVersion = "Xcode 14.0";
			developmentRegion = en;
			hasScannedForEncodings = 0;
			knownRegions = (
				en,
				Base,
			);
			mainGroup = 7907BE8B2ACD87A000C4D500;
			packageReferences = (
				79E59FFC2ACDA88700DC6657 /* XCRemoteSwiftPackageReference "aws-sdk-swift" */,
				79E5A0062ACFB81700DC6657 /* XCRemoteSwiftPackageReference "swift-markdown-ui" */,
				791461212AD1EFE000C454DC /* XCRemoteSwiftPackageReference "Splash" */,
				798A9CE42AD3AB2E00E9D039 /* XCRemoteSwiftPackageReference "vapor" */,
			);
			productRefGroup = 7907BE952ACD87A100C4D500 /* Products */;
			projectDirPath = "";
			projectRoot = "";
			targets = (
				7907BE932ACD87A000C4D500 /* Amazon Bedrock Client for Mac */,
				7907BEA42ACD87A200C4D500 /* Amazon Bedrock Client for MacTests */,
				7907BEAE2ACD87A200C4D500 /* Amazon Bedrock Client for MacUITests */,
			);
		};
/* End PBXProject section */

/* Begin PBXResourcesBuildPhase section */
		7907BE922ACD87A000C4D500 /* Resources */ = {
			isa = PBXResourcesBuildPhase;
			buildActionMask = 2147483647;
			files = (
				79BF645F2ACFF8FD00383300 /* README.md in Resources */,
				79BF64652AD002F600383300 /* bedrock.png in Resources */,
				79610DE42AD22A2F00993D09 /* Preview Assets.xcassets in Resources */,
				79610DDB2AD22A2F00993D09 /* Assets.xcassets in Resources */,
			);
			runOnlyForDeploymentPostprocessing = 0;
		};
		7907BEA32ACD87A200C4D500 /* Resources */ = {
			isa = PBXResourcesBuildPhase;
			buildActionMask = 2147483647;
			files = (
			);
			runOnlyForDeploymentPostprocessing = 0;
		};
		7907BEAD2ACD87A200C4D500 /* Resources */ = {
			isa = PBXResourcesBuildPhase;
			buildActionMask = 2147483647;
			files = (
				79610D802AD2290300993D09 /* troubleshooting-3.png in Resources */,
				79610D842AD2290300993D09 /* image4.jpg in Resources */,
				79610D832AD2290300993D09 /* troubleshooting-4.png in Resources */,
				79610D812AD2290300993D09 /* troubleshooting-2.png in Resources */,
				79610D822AD2290300993D09 /* troubleshooting-1.png in Resources */,
				79610D852AD2290300993D09 /* image1.jpg in Resources */,
				79610D862AD2290300993D09 /* image2.jpg in Resources */,
				79610D872AD2290300993D09 /* image3.jpg in Resources */,
			);
			runOnlyForDeploymentPostprocessing = 0;
		};
/* End PBXResourcesBuildPhase section */

/* Begin PBXSourcesBuildPhase section */
		7907BE902ACD87A000C4D500 /* Sources */ = {
			isa = PBXSourcesBuildPhase;
			buildActionMask = 2147483647;
			files = (
				79610DE22AD22A2F00993D09 /* MessageData.swift in Sources */,
				7954F8452AD247DF008B03D3 /* SettingsView.swift in Sources */,
				79610DE82AD22A2F00993D09 /* SidebarView.swift in Sources */,
				79610DE62AD22A2F00993D09 /* HomeView.swift in Sources */,
				7937953D2B46CAF1000C94A5 /* UpdateManager.swift in Sources */,
				79610DE12AD22A2F00993D09 /* ChatModel.swift in Sources */,
				79320FC92B469BAE0074090A /* ChatModelSnapshot.swift in Sources */,
				79AFC17E2AD23B4800A75ED3 /* ToggleSidebar.swift in Sources */,
				79610DD72AD22A2F00993D09 /* SidebarSelection.swift in Sources */,
				7954F8472AD249A7008B03D3 /* SettingManager.swift in Sources */,
				79610DDF2AD22A2F00993D09 /* GithubTheme.swift in Sources */,
				79610DDD2AD22A2F00993D09 /* TextOutputFormat.swift in Sources */,
				7954F8432AD247CC008B03D3 /* AWSRegion.swift in Sources */,
				79610DED2AD230A200993D09 /* ChatView.swift in Sources */,
				798A9CE82AD3AB4300E9D039 /* LocalHostServer.swift in Sources */,
				79610DD82AD22A2F00993D09 /* Amazon_Bedrock_Client_for_MacApp.swift in Sources */,
				79610DDA2AD22A2F00993D09 /* BedrockClient.swift in Sources */,
				79610DEB2AD22A2F00993D09 /* MessageView.swift in Sources */,
				79610DE92AD22A2F00993D09 /* MainContentView.swift in Sources */,
				79610DE02AD22A2F00993D09 /* FirstResponderTextField.swift in Sources */,
				79610DEA2AD22A2F00993D09 /* ContentView.swift in Sources */,
				79C7F5ED2AD282EE008FBB35 /* EnvironmentExtensions.swift in Sources */,
				79610DE52AD22A2F00993D09 /* MessageBarView.swift in Sources */,
				79610DE32AD22A2F00993D09 /* ReadmeViewModel.swift in Sources */,
				79BFF5102AD342710057BF3A /* ChatManager.swift in Sources */,
				79610DDE2AD22A2F00993D09 /* SplashCodeSyntaxHighlighter.swift in Sources */,
			);
			runOnlyForDeploymentPostprocessing = 0;
		};
		7907BEA12ACD87A200C4D500 /* Sources */ = {
			isa = PBXSourcesBuildPhase;
			buildActionMask = 2147483647;
			files = (
				7907BEAA2ACD87A200C4D500 /* Amazon_Bedrock_Client_for_MacTests.swift in Sources */,
			);
			runOnlyForDeploymentPostprocessing = 0;
		};
		7907BEAB2ACD87A200C4D500 /* Sources */ = {
			isa = PBXSourcesBuildPhase;
			buildActionMask = 2147483647;
			files = (
				7907BEB62ACD87A200C4D500 /* Amazon_Bedrock_Client_for_MacUITestsLaunchTests.swift in Sources */,
				7907BEB42ACD87A200C4D500 /* Amazon_Bedrock_Client_for_MacUITests.swift in Sources */,
			);
			runOnlyForDeploymentPostprocessing = 0;
		};
/* End PBXSourcesBuildPhase section */

/* Begin PBXTargetDependency section */
		7907BEA72ACD87A200C4D500 /* PBXTargetDependency */ = {
			isa = PBXTargetDependency;
			target = 7907BE932ACD87A000C4D500 /* Amazon Bedrock Client for Mac */;
			targetProxy = 7907BEA62ACD87A200C4D500 /* PBXContainerItemProxy */;
		};
		7907BEB12ACD87A200C4D500 /* PBXTargetDependency */ = {
			isa = PBXTargetDependency;
			target = 7907BE932ACD87A000C4D500 /* Amazon Bedrock Client for Mac */;
			targetProxy = 7907BEB02ACD87A200C4D500 /* PBXContainerItemProxy */;
		};
/* End PBXTargetDependency section */

/* Begin XCBuildConfiguration section */
		7907BEB72ACD87A200C4D500 /* Debug */ = {
			isa = XCBuildConfiguration;
			buildSettings = {
				ALWAYS_SEARCH_USER_PATHS = NO;
				ASSETCATALOG_COMPILER_APPICON_NAME = AppIcon;
				ASSETCATALOG_COMPILER_GENERATE_SWIFT_ASSET_SYMBOL_EXTENSIONS = YES;
				ASSETCATALOG_COMPILER_INCLUDE_ALL_APPICON_ASSETS = YES;
				CLANG_ANALYZER_NONNULL = YES;
				CLANG_ANALYZER_NUMBER_OBJECT_CONVERSION = YES_AGGRESSIVE;
				CLANG_CXX_LANGUAGE_STANDARD = "gnu++20";
				CLANG_ENABLE_MODULES = YES;
				CLANG_ENABLE_OBJC_ARC = YES;
				CLANG_ENABLE_OBJC_WEAK = YES;
				CLANG_WARN_BLOCK_CAPTURE_AUTORELEASING = YES;
				CLANG_WARN_BOOL_CONVERSION = YES;
				CLANG_WARN_COMMA = YES;
				CLANG_WARN_CONSTANT_CONVERSION = YES;
				CLANG_WARN_DEPRECATED_OBJC_IMPLEMENTATIONS = YES;
				CLANG_WARN_DIRECT_OBJC_ISA_USAGE = YES_ERROR;
				CLANG_WARN_DOCUMENTATION_COMMENTS = YES;
				CLANG_WARN_EMPTY_BODY = YES;
				CLANG_WARN_ENUM_CONVERSION = YES;
				CLANG_WARN_INFINITE_RECURSION = YES;
				CLANG_WARN_INT_CONVERSION = YES;
				CLANG_WARN_NON_LITERAL_NULL_CONVERSION = YES;
				CLANG_WARN_OBJC_IMPLICIT_RETAIN_SELF = YES;
				CLANG_WARN_OBJC_LITERAL_CONVERSION = YES;
				CLANG_WARN_OBJC_ROOT_CLASS = YES_ERROR;
				CLANG_WARN_QUOTED_INCLUDE_IN_FRAMEWORK_HEADER = YES;
				CLANG_WARN_RANGE_LOOP_ANALYSIS = YES;
				CLANG_WARN_STRICT_PROTOTYPES = YES;
				CLANG_WARN_SUSPICIOUS_MOVE = YES;
				CLANG_WARN_UNGUARDED_AVAILABILITY = YES_AGGRESSIVE;
				CLANG_WARN_UNREACHABLE_CODE = YES;
				CLANG_WARN__DUPLICATE_METHOD_MATCH = YES;
				COPY_PHASE_STRIP = NO;
				DEBUG_INFORMATION_FORMAT = dwarf;
				ENABLE_STRICT_OBJC_MSGSEND = YES;
				ENABLE_TESTABILITY = YES;
				ENABLE_USER_SCRIPT_SANDBOXING = YES;
				GCC_C_LANGUAGE_STANDARD = gnu17;
				GCC_DYNAMIC_NO_PIC = NO;
				GCC_NO_COMMON_BLOCKS = YES;
				GCC_OPTIMIZATION_LEVEL = 0;
				GCC_PREPROCESSOR_DEFINITIONS = (
					"DEBUG=1",
					"$(inherited)",
				);
				GCC_WARN_64_TO_32_BIT_CONVERSION = YES;
				GCC_WARN_ABOUT_RETURN_TYPE = YES_ERROR;
				GCC_WARN_UNDECLARED_SELECTOR = YES;
				GCC_WARN_UNINITIALIZED_AUTOS = YES_AGGRESSIVE;
				GCC_WARN_UNUSED_FUNCTION = YES;
				GCC_WARN_UNUSED_VARIABLE = YES;
				INFOPLIST_KEY_CFBundleDisplayName = "Amazon Bedrock";
				LOCALIZATION_PREFERS_STRING_CATALOGS = YES;
				MTL_ENABLE_DEBUG_INFO = INCLUDE_SOURCE;
				MTL_FAST_MATH = YES;
				ONLY_ACTIVE_ARCH = YES;
				SWIFT_ACTIVE_COMPILATION_CONDITIONS = "DEBUG $(inherited)";
				SWIFT_OPTIMIZATION_LEVEL = "-Onone";
			};
			name = Debug;
		};
		7907BEB82ACD87A200C4D500 /* Release */ = {
			isa = XCBuildConfiguration;
			buildSettings = {
				ALWAYS_SEARCH_USER_PATHS = NO;
				ASSETCATALOG_COMPILER_APPICON_NAME = AppIcon;
				ASSETCATALOG_COMPILER_GENERATE_SWIFT_ASSET_SYMBOL_EXTENSIONS = YES;
				ASSETCATALOG_COMPILER_INCLUDE_ALL_APPICON_ASSETS = YES;
				CLANG_ANALYZER_NONNULL = YES;
				CLANG_ANALYZER_NUMBER_OBJECT_CONVERSION = YES_AGGRESSIVE;
				CLANG_CXX_LANGUAGE_STANDARD = "gnu++20";
				CLANG_ENABLE_MODULES = YES;
				CLANG_ENABLE_OBJC_ARC = YES;
				CLANG_ENABLE_OBJC_WEAK = YES;
				CLANG_WARN_BLOCK_CAPTURE_AUTORELEASING = YES;
				CLANG_WARN_BOOL_CONVERSION = YES;
				CLANG_WARN_COMMA = YES;
				CLANG_WARN_CONSTANT_CONVERSION = YES;
				CLANG_WARN_DEPRECATED_OBJC_IMPLEMENTATIONS = YES;
				CLANG_WARN_DIRECT_OBJC_ISA_USAGE = YES_ERROR;
				CLANG_WARN_DOCUMENTATION_COMMENTS = YES;
				CLANG_WARN_EMPTY_BODY = YES;
				CLANG_WARN_ENUM_CONVERSION = YES;
				CLANG_WARN_INFINITE_RECURSION = YES;
				CLANG_WARN_INT_CONVERSION = YES;
				CLANG_WARN_NON_LITERAL_NULL_CONVERSION = YES;
				CLANG_WARN_OBJC_IMPLICIT_RETAIN_SELF = YES;
				CLANG_WARN_OBJC_LITERAL_CONVERSION = YES;
				CLANG_WARN_OBJC_ROOT_CLASS = YES_ERROR;
				CLANG_WARN_QUOTED_INCLUDE_IN_FRAMEWORK_HEADER = YES;
				CLANG_WARN_RANGE_LOOP_ANALYSIS = YES;
				CLANG_WARN_STRICT_PROTOTYPES = YES;
				CLANG_WARN_SUSPICIOUS_MOVE = YES;
				CLANG_WARN_UNGUARDED_AVAILABILITY = YES_AGGRESSIVE;
				CLANG_WARN_UNREACHABLE_CODE = YES;
				CLANG_WARN__DUPLICATE_METHOD_MATCH = YES;
				COPY_PHASE_STRIP = NO;
				DEBUG_INFORMATION_FORMAT = "dwarf-with-dsym";
				ENABLE_NS_ASSERTIONS = NO;
				ENABLE_STRICT_OBJC_MSGSEND = YES;
				ENABLE_USER_SCRIPT_SANDBOXING = YES;
				GCC_C_LANGUAGE_STANDARD = gnu17;
				GCC_NO_COMMON_BLOCKS = YES;
				GCC_WARN_64_TO_32_BIT_CONVERSION = YES;
				GCC_WARN_ABOUT_RETURN_TYPE = YES_ERROR;
				GCC_WARN_UNDECLARED_SELECTOR = YES;
				GCC_WARN_UNINITIALIZED_AUTOS = YES_AGGRESSIVE;
				GCC_WARN_UNUSED_FUNCTION = YES;
				GCC_WARN_UNUSED_VARIABLE = YES;
				INFOPLIST_KEY_CFBundleDisplayName = "Amazon Bedrock";
				LOCALIZATION_PREFERS_STRING_CATALOGS = YES;
				MTL_ENABLE_DEBUG_INFO = NO;
				MTL_FAST_MATH = YES;
				SWIFT_COMPILATION_MODE = wholemodule;
			};
			name = Release;
		};
		7907BEBA2ACD87A200C4D500 /* Debug */ = {
			isa = XCBuildConfiguration;
			buildSettings = {
				ASSETCATALOG_COMPILER_APPICON_NAME = AppIcon;
				ASSETCATALOG_COMPILER_GLOBAL_ACCENT_COLOR_NAME = AccentColor;
				ASSETCATALOG_COMPILER_INCLUDE_ALL_APPICON_ASSETS = YES;
				CODE_SIGN_STYLE = Automatic;
				CURRENT_PROJECT_VERSION = 1.1.2;
				DEVELOPMENT_ASSET_PATHS = "\"Amazon Bedrock Client for Mac/Preview Content\"";
				DEVELOPMENT_TEAM = B47A25FR9P;
				ENABLE_HARDENED_RUNTIME = YES;
				ENABLE_PREVIEWS = YES;
				GCC_NO_COMMON_BLOCKS = YES;
				GENERATE_INFOPLIST_FILE = YES;
				INFOPLIST_KEY_CFBundleDisplayName = "Amazon Bedrock";
				"INFOPLIST_KEY_UIApplicationSceneManifest_Generation[sdk=iphoneos*]" = YES;
				"INFOPLIST_KEY_UIApplicationSceneManifest_Generation[sdk=iphonesimulator*]" = YES;
				"INFOPLIST_KEY_UIApplicationSupportsIndirectInputEvents[sdk=iphoneos*]" = YES;
				"INFOPLIST_KEY_UIApplicationSupportsIndirectInputEvents[sdk=iphonesimulator*]" = YES;
				"INFOPLIST_KEY_UILaunchScreen_Generation[sdk=iphoneos*]" = YES;
				"INFOPLIST_KEY_UILaunchScreen_Generation[sdk=iphonesimulator*]" = YES;
				"INFOPLIST_KEY_UIStatusBarStyle[sdk=iphoneos*]" = UIStatusBarStyleDefault;
				"INFOPLIST_KEY_UIStatusBarStyle[sdk=iphonesimulator*]" = UIStatusBarStyleDefault;
				INFOPLIST_KEY_UISupportedInterfaceOrientations_iPad = "UIInterfaceOrientationPortrait UIInterfaceOrientationPortraitUpsideDown UIInterfaceOrientationLandscapeLeft UIInterfaceOrientationLandscapeRight";
				INFOPLIST_KEY_UISupportedInterfaceOrientations_iPhone = "UIInterfaceOrientationPortrait UIInterfaceOrientationLandscapeLeft UIInterfaceOrientationLandscapeRight";
				IPHONEOS_DEPLOYMENT_TARGET = 17.0;
				LD_RUNPATH_SEARCH_PATHS = "@executable_path/Frameworks";
				"LD_RUNPATH_SEARCH_PATHS[sdk=macosx*]" = "@executable_path/../Frameworks";
				MACOSX_DEPLOYMENT_TARGET = 12.0;
				MARKETING_VERSION = 1.1.2;
				ONLY_ACTIVE_ARCH = YES;
				PRODUCT_BUNDLE_IDENTIFIER = "AWS.Amazon-Bedrock-Client-for-Mac";
				PRODUCT_NAME = "Amazon Bedrock Debug";
				PROVISIONING_PROFILE_SPECIFIER = "";
				SDKROOT = auto;
				SUPPORTED_PLATFORMS = macosx;
				SWIFT_EMIT_LOC_STRINGS = YES;
				SWIFT_VERSION = 5.0;
				TARGETED_DEVICE_FAMILY = "1,2";
			};
			name = Debug;
		};
		7907BEBB2ACD87A200C4D500 /* Release */ = {
			isa = XCBuildConfiguration;
			buildSettings = {
				ASSETCATALOG_COMPILER_APPICON_NAME = AppIcon;
				ASSETCATALOG_COMPILER_GLOBAL_ACCENT_COLOR_NAME = AccentColor;
				ASSETCATALOG_COMPILER_INCLUDE_ALL_APPICON_ASSETS = YES;
				CODE_SIGN_STYLE = Automatic;
				CURRENT_PROJECT_VERSION = 1.1.2;
				DEVELOPMENT_ASSET_PATHS = "\"Amazon Bedrock Client for Mac/Preview Content\"";
				DEVELOPMENT_TEAM = B47A25FR9P;
				ENABLE_HARDENED_RUNTIME = YES;
				ENABLE_PREVIEWS = YES;
				GCC_NO_COMMON_BLOCKS = YES;
				GENERATE_INFOPLIST_FILE = YES;
				INFOPLIST_KEY_CFBundleDisplayName = "Amazon Bedrock";
				"INFOPLIST_KEY_UIApplicationSceneManifest_Generation[sdk=iphoneos*]" = YES;
				"INFOPLIST_KEY_UIApplicationSceneManifest_Generation[sdk=iphonesimulator*]" = YES;
				"INFOPLIST_KEY_UIApplicationSupportsIndirectInputEvents[sdk=iphoneos*]" = YES;
				"INFOPLIST_KEY_UIApplicationSupportsIndirectInputEvents[sdk=iphonesimulator*]" = YES;
				"INFOPLIST_KEY_UILaunchScreen_Generation[sdk=iphoneos*]" = YES;
				"INFOPLIST_KEY_UILaunchScreen_Generation[sdk=iphonesimulator*]" = YES;
				"INFOPLIST_KEY_UIStatusBarStyle[sdk=iphoneos*]" = UIStatusBarStyleDefault;
				"INFOPLIST_KEY_UIStatusBarStyle[sdk=iphonesimulator*]" = UIStatusBarStyleDefault;
				INFOPLIST_KEY_UISupportedInterfaceOrientations_iPad = "UIInterfaceOrientationPortrait UIInterfaceOrientationPortraitUpsideDown UIInterfaceOrientationLandscapeLeft UIInterfaceOrientationLandscapeRight";
				INFOPLIST_KEY_UISupportedInterfaceOrientations_iPhone = "UIInterfaceOrientationPortrait UIInterfaceOrientationLandscapeLeft UIInterfaceOrientationLandscapeRight";
				IPHONEOS_DEPLOYMENT_TARGET = 17.0;
				LD_RUNPATH_SEARCH_PATHS = "@executable_path/Frameworks";
				"LD_RUNPATH_SEARCH_PATHS[sdk=macosx*]" = "@executable_path/../Frameworks";
				MACOSX_DEPLOYMENT_TARGET = 12.0;
				MARKETING_VERSION = 1.1.2;
				PRODUCT_BUNDLE_IDENTIFIER = "AWS.Amazon-Bedrock-Client-for-Mac";
				PRODUCT_NAME = "Amazon Bedrock";
				PROVISIONING_PROFILE_SPECIFIER = "";
				SDKROOT = auto;
				SUPPORTED_PLATFORMS = macosx;
				SWIFT_EMIT_LOC_STRINGS = YES;
				SWIFT_VERSION = 5.0;
				TARGETED_DEVICE_FAMILY = "1,2";
			};
			name = Release;
		};
		7907BEBD2ACD87A200C4D500 /* Debug */ = {
			isa = XCBuildConfiguration;
			buildSettings = {
				ALWAYS_EMBED_SWIFT_STANDARD_LIBRARIES = YES;
				BUNDLE_LOADER = "$(TEST_HOST)";
				CODE_SIGN_STYLE = Automatic;
				CURRENT_PROJECT_VERSION = 1;
				GENERATE_INFOPLIST_FILE = YES;
				IPHONEOS_DEPLOYMENT_TARGET = 17.0;
				MACOSX_DEPLOYMENT_TARGET = 13.6;
				MARKETING_VERSION = 1.0;
				PRODUCT_BUNDLE_IDENTIFIER = "AWS.Amazon-Bedrock-Client-for-MacTests";
				PRODUCT_NAME = "$(TARGET_NAME)";
				SDKROOT = auto;
				SUPPORTED_PLATFORMS = "iphoneos iphonesimulator macosx";
				SWIFT_EMIT_LOC_STRINGS = NO;
				SWIFT_VERSION = 5.0;
				TARGETED_DEVICE_FAMILY = "1,2";
				TEST_HOST = "$(BUILT_PRODUCTS_DIR)/Amazon Bedrock Client for Mac.app/$(BUNDLE_EXECUTABLE_FOLDER_PATH)/Amazon Bedrock Client for Mac";
			};
			name = Debug;
		};
		7907BEBE2ACD87A200C4D500 /* Release */ = {
			isa = XCBuildConfiguration;
			buildSettings = {
				ALWAYS_EMBED_SWIFT_STANDARD_LIBRARIES = YES;
				BUNDLE_LOADER = "$(TEST_HOST)";
				CODE_SIGN_STYLE = Automatic;
				CURRENT_PROJECT_VERSION = 1;
				GENERATE_INFOPLIST_FILE = YES;
				IPHONEOS_DEPLOYMENT_TARGET = 17.0;
				MACOSX_DEPLOYMENT_TARGET = 13.6;
				MARKETING_VERSION = 1.0;
				PRODUCT_BUNDLE_IDENTIFIER = "AWS.Amazon-Bedrock-Client-for-MacTests";
				PRODUCT_NAME = "$(TARGET_NAME)";
				SDKROOT = auto;
				SUPPORTED_PLATFORMS = "iphoneos iphonesimulator macosx";
				SWIFT_EMIT_LOC_STRINGS = NO;
				SWIFT_VERSION = 5.0;
				TARGETED_DEVICE_FAMILY = "1,2";
				TEST_HOST = "$(BUILT_PRODUCTS_DIR)/Amazon Bedrock Client for Mac.app/$(BUNDLE_EXECUTABLE_FOLDER_PATH)/Amazon Bedrock Client for Mac";
			};
			name = Release;
		};
		7907BEC02ACD87A200C4D500 /* Debug */ = {
			isa = XCBuildConfiguration;
			buildSettings = {
				ALWAYS_EMBED_SWIFT_STANDARD_LIBRARIES = YES;
				CODE_SIGN_STYLE = Automatic;
				CURRENT_PROJECT_VERSION = 1;
				GENERATE_INFOPLIST_FILE = YES;
				IPHONEOS_DEPLOYMENT_TARGET = 17.0;
				MACOSX_DEPLOYMENT_TARGET = 13.6;
				MARKETING_VERSION = 1.0;
				PRODUCT_BUNDLE_IDENTIFIER = "AWS.Amazon-Bedrock-Client-for-MacUITests";
				PRODUCT_NAME = "$(TARGET_NAME)";
				SDKROOT = auto;
				SUPPORTED_PLATFORMS = "iphoneos iphonesimulator macosx";
				SWIFT_EMIT_LOC_STRINGS = NO;
				SWIFT_VERSION = 5.0;
				TARGETED_DEVICE_FAMILY = "1,2";
				TEST_TARGET_NAME = "Amazon Bedrock Client for Mac";
			};
			name = Debug;
		};
		7907BEC12ACD87A200C4D500 /* Release */ = {
			isa = XCBuildConfiguration;
			buildSettings = {
				ALWAYS_EMBED_SWIFT_STANDARD_LIBRARIES = YES;
				CODE_SIGN_STYLE = Automatic;
				CURRENT_PROJECT_VERSION = 1;
				GENERATE_INFOPLIST_FILE = YES;
				IPHONEOS_DEPLOYMENT_TARGET = 17.0;
				MACOSX_DEPLOYMENT_TARGET = 13.6;
				MARKETING_VERSION = 1.0;
				PRODUCT_BUNDLE_IDENTIFIER = "AWS.Amazon-Bedrock-Client-for-MacUITests";
				PRODUCT_NAME = "$(TARGET_NAME)";
				SDKROOT = auto;
				SUPPORTED_PLATFORMS = "iphoneos iphonesimulator macosx";
				SWIFT_EMIT_LOC_STRINGS = NO;
				SWIFT_VERSION = 5.0;
				TARGETED_DEVICE_FAMILY = "1,2";
				TEST_TARGET_NAME = "Amazon Bedrock Client for Mac";
			};
			name = Release;
		};
/* End XCBuildConfiguration section */

/* Begin XCConfigurationList section */
		7907BE8F2ACD87A000C4D500 /* Build configuration list for PBXProject "Amazon Bedrock Client for Mac" */ = {
			isa = XCConfigurationList;
			buildConfigurations = (
				7907BEB72ACD87A200C4D500 /* Debug */,
				7907BEB82ACD87A200C4D500 /* Release */,
			);
			defaultConfigurationIsVisible = 0;
			defaultConfigurationName = Release;
		};
		7907BEB92ACD87A200C4D500 /* Build configuration list for PBXNativeTarget "Amazon Bedrock Client for Mac" */ = {
			isa = XCConfigurationList;
			buildConfigurations = (
				7907BEBA2ACD87A200C4D500 /* Debug */,
				7907BEBB2ACD87A200C4D500 /* Release */,
			);
			defaultConfigurationIsVisible = 0;
			defaultConfigurationName = Release;
		};
		7907BEBC2ACD87A200C4D500 /* Build configuration list for PBXNativeTarget "Amazon Bedrock Client for MacTests" */ = {
			isa = XCConfigurationList;
			buildConfigurations = (
				7907BEBD2ACD87A200C4D500 /* Debug */,
				7907BEBE2ACD87A200C4D500 /* Release */,
			);
			defaultConfigurationIsVisible = 0;
			defaultConfigurationName = Release;
		};
		7907BEBF2ACD87A200C4D500 /* Build configuration list for PBXNativeTarget "Amazon Bedrock Client for MacUITests" */ = {
			isa = XCConfigurationList;
			buildConfigurations = (
				7907BEC02ACD87A200C4D500 /* Debug */,
				7907BEC12ACD87A200C4D500 /* Release */,
			);
			defaultConfigurationIsVisible = 0;
			defaultConfigurationName = Release;
		};
/* End XCConfigurationList section */

/* Begin XCRemoteSwiftPackageReference section */
		791461212AD1EFE000C454DC /* XCRemoteSwiftPackageReference "Splash" */ = {
			isa = XCRemoteSwiftPackageReference;
			repositoryURL = "https://github.com/JohnSundell/Splash";
			requirement = {
				kind = upToNextMajorVersion;
				minimumVersion = 0.16.0;
			};
		};
		798A9CE42AD3AB2E00E9D039 /* XCRemoteSwiftPackageReference "vapor" */ = {
			isa = XCRemoteSwiftPackageReference;
			repositoryURL = "https://github.com/vapor/vapor.git";
			requirement = {
				kind = upToNextMajorVersion;
				minimumVersion = 4.84.4;
			};
		};
		79E59FFC2ACDA88700DC6657 /* XCRemoteSwiftPackageReference "aws-sdk-swift" */ = {
			isa = XCRemoteSwiftPackageReference;
			repositoryURL = "https://github.com/awslabs/aws-sdk-swift";
			requirement = {
				kind = upToNextMajorVersion;
				minimumVersion = 0.27.0;
			};
		};
		79E5A0062ACFB81700DC6657 /* XCRemoteSwiftPackageReference "swift-markdown-ui" */ = {
			isa = XCRemoteSwiftPackageReference;
			repositoryURL = "https://github.com/gonzalezreal/swift-markdown-ui/";
			requirement = {
				kind = upToNextMajorVersion;
				minimumVersion = 2.2.0;
			};
		};
/* End XCRemoteSwiftPackageReference section */

/* Begin XCSwiftPackageProductDependency section */
		798A9CE52AD3AB2E00E9D039 /* Vapor */ = {
			isa = XCSwiftPackageProductDependency;
			package = 798A9CE42AD3AB2E00E9D039 /* XCRemoteSwiftPackageReference "vapor" */;
			productName = Vapor;
		};
		79E59FFD2ACDA88700DC6657 /* AWSBedrock */ = {
			isa = XCSwiftPackageProductDependency;
			package = 79E59FFC2ACDA88700DC6657 /* XCRemoteSwiftPackageReference "aws-sdk-swift" */;
			productName = AWSBedrock;
		};
		79E59FFF2ACDA88700DC6657 /* AWSBedrockRuntime */ = {
			isa = XCSwiftPackageProductDependency;
			package = 79E59FFC2ACDA88700DC6657 /* XCRemoteSwiftPackageReference "aws-sdk-swift" */;
			productName = AWSBedrockRuntime;
		};
		79E5A0012ACDA88700DC6657 /* AWSSTS */ = {
			isa = XCSwiftPackageProductDependency;
			package = 79E59FFC2ACDA88700DC6657 /* XCRemoteSwiftPackageReference "aws-sdk-swift" */;
			productName = AWSSTS;
		};
		79E5A0072ACFB81700DC6657 /* MarkdownUI */ = {
			isa = XCSwiftPackageProductDependency;
			package = 79E5A0062ACFB81700DC6657 /* XCRemoteSwiftPackageReference "swift-markdown-ui" */;
			productName = MarkdownUI;
		};
		79E63E1E2AD1F11B00C0880A /* Splash */ = {
			isa = XCSwiftPackageProductDependency;
			package = 791461212AD1EFE000C454DC /* XCRemoteSwiftPackageReference "Splash" */;
			productName = Splash;
		};
		79E63E202AD1F11B00C0880A /* SplashHTMLGen */ = {
			isa = XCSwiftPackageProductDependency;
			package = 791461212AD1EFE000C454DC /* XCRemoteSwiftPackageReference "Splash" */;
			productName = SplashHTMLGen;
		};
		79E63E242AD1F11B00C0880A /* SplashMarkdown */ = {
			isa = XCSwiftPackageProductDependency;
			package = 791461212AD1EFE000C454DC /* XCRemoteSwiftPackageReference "Splash" */;
			productName = SplashMarkdown;
		};
		79E63E262AD1F11B00C0880A /* SplashTokenizer */ = {
			isa = XCSwiftPackageProductDependency;
			package = 791461212AD1EFE000C454DC /* XCRemoteSwiftPackageReference "Splash" */;
			productName = SplashTokenizer;
		};
/* End XCSwiftPackageProductDependency section */
	};
	rootObject = 7907BE8C2ACD87A000C4D500 /* Project object */;
}
